// !$*UTF8*$!
{
	archiveVersion = 1;
	classes = {
	};
	objectVersion = 50;
	objects = {

/* Begin PBXBuildFile section */
		3139E8987DBDA4478C27DB18 /* libPods-QuysAdviceSDK-QuysAdviceSDKTests.a in Frameworks */ = {isa = PBXBuildFile; fileRef = 28398A97F7B9522FF16C1E7E /* libPods-QuysAdviceSDK-QuysAdviceSDKTests.a */; };
		FB1A3DE02457D72A00B7A7D7 /* QuysAdManager.m in Sources */ = {isa = PBXBuildFile; fileRef = FBF1A4422457C78B0091400E /* QuysAdManager.m */; };
		FB1A3DE32457E27200B7A7D7 /* QuysAdUploadRequestModel.h in Headers */ = {isa = PBXBuildFile; fileRef = FB1A3DE12457E27200B7A7D7 /* QuysAdUploadRequestModel.h */; };
		FB1A3DE42457E27200B7A7D7 /* QuysAdUploadRequestModel.m in Sources */ = {isa = PBXBuildFile; fileRef = FB1A3DE22457E27200B7A7D7 /* QuysAdUploadRequestModel.m */; };
		FB1A3DE8245823DF00B7A7D7 /* LaunchScreen.storyboard in Resources */ = {isa = PBXBuildFile; fileRef = FB1A3DE7245823DE00B7A7D7 /* LaunchScreen.storyboard */; };
		FB1A3E3E245834DD00B7A7D7 /* QuysDemoViewController.m in Sources */ = {isa = PBXBuildFile; fileRef = FB1A3E3B245834DC00B7A7D7 /* QuysDemoViewController.m */; };
		FB1A3E3F245834DD00B7A7D7 /* QuysServiceListTableViewController.m in Sources */ = {isa = PBXBuildFile; fileRef = FB1A3E3D245834DD00B7A7D7 /* QuysServiceListTableViewController.m */; };
		FB1A3E532459551D00B7A7D7 /* quysAdvice.h in Headers */ = {isa = PBXBuildFile; fileRef = FB1A3E462459551D00B7A7D7 /* quysAdvice.h */; };
		FB1A3E552459551D00B7A7D7 /* QuysAdSplashService.h in Headers */ = {isa = PBXBuildFile; fileRef = FB1A3E482459551D00B7A7D7 /* QuysAdSplashService.h */; };
		FB1A3E562459551D00B7A7D7 /* QuysInformationFlowService.h in Headers */ = {isa = PBXBuildFile; fileRef = FB1A3E492459551D00B7A7D7 /* QuysInformationFlowService.h */; };
		FB1A3E572459551D00B7A7D7 /* QuysAdviceBaseDelegate.h in Headers */ = {isa = PBXBuildFile; fileRef = FB1A3E4A2459551D00B7A7D7 /* QuysAdviceBaseDelegate.h */; };
		FB1A3E582459551D00B7A7D7 /* QuysAdviceManager.h in Headers */ = {isa = PBXBuildFile; fileRef = FB1A3E4B2459551D00B7A7D7 /* QuysAdviceManager.h */; };
		FB1A3E592459551D00B7A7D7 /* QuysAdBaseService.h in Headers */ = {isa = PBXBuildFile; fileRef = FB1A3E4C2459551D00B7A7D7 /* QuysAdBaseService.h */; };
		FB1A3E5A2459551D00B7A7D7 /* QuysAdOpenScreenService.h in Headers */ = {isa = PBXBuildFile; fileRef = FB1A3E4D2459551D00B7A7D7 /* QuysAdOpenScreenService.h */; };
		FB1A3E5B2459551D00B7A7D7 /* QuysAdviceOpeenScreenDelegate.h in Headers */ = {isa = PBXBuildFile; fileRef = FB1A3E4E2459551D00B7A7D7 /* QuysAdviceOpeenScreenDelegate.h */; };
		FB1A3E5C2459551D00B7A7D7 /* QuysIncentiveVideoService.h in Headers */ = {isa = PBXBuildFile; fileRef = FB1A3E4F2459551D00B7A7D7 /* QuysIncentiveVideoService.h */; };
		FB1A3E5D2459551D00B7A7D7 /* QuysIncentiveVideoDelegate.h in Headers */ = {isa = PBXBuildFile; fileRef = FB1A3E502459551D00B7A7D7 /* QuysIncentiveVideoDelegate.h */; };
		FB1A3E5E2459551D00B7A7D7 /* QuysAdSplashDelegate.h in Headers */ = {isa = PBXBuildFile; fileRef = FB1A3E512459551D00B7A7D7 /* QuysAdSplashDelegate.h */; };
		FB4252102462983400960FF9 /* GDTRewardVideoAdNetworkAdapterProtocol.h in Headers */ = {isa = PBXBuildFile; fileRef = FB4251FA2462983400960FF9 /* GDTRewardVideoAdNetworkAdapterProtocol.h */; };
		FB4252112462983400960FF9 /* GDTNativeExpressAdView.h in Headers */ = {isa = PBXBuildFile; fileRef = FB4251FB2462983400960FF9 /* GDTNativeExpressAdView.h */; };
		FB4252122462983400960FF9 /* GDTMobBannerView.h in Headers */ = {isa = PBXBuildFile; fileRef = FB4251FC2462983400960FF9 /* GDTMobBannerView.h */; };
		FB4252132462983400960FF9 /* GDTUnifiedBannerView.h in Headers */ = {isa = PBXBuildFile; fileRef = FB4251FD2462983400960FF9 /* GDTUnifiedBannerView.h */; };
		FB4252142462983400960FF9 /* GDTNativeAd.h in Headers */ = {isa = PBXBuildFile; fileRef = FB4251FE2462983400960FF9 /* GDTNativeAd.h */; };
		FB4252152462983400960FF9 /* GDTSDKConfig.h in Headers */ = {isa = PBXBuildFile; fileRef = FB4251FF2462983400960FF9 /* GDTSDKConfig.h */; };
		FB4252162462983400960FF9 /* GDTBaseAdNetworkAdapterProtocol.h in Headers */ = {isa = PBXBuildFile; fileRef = FB4252002462983400960FF9 /* GDTBaseAdNetworkAdapterProtocol.h */; };
		FB4252172462983400960FF9 /* GDTMobInterstitial.h in Headers */ = {isa = PBXBuildFile; fileRef = FB4252012462983400960FF9 /* GDTMobInterstitial.h */; };
		FB4252182462983400960FF9 /* GDTRewardVideoAd.h in Headers */ = {isa = PBXBuildFile; fileRef = FB4252022462983400960FF9 /* GDTRewardVideoAd.h */; };
		FB4252192462983400960FF9 /* GDTSplashAd.h in Headers */ = {isa = PBXBuildFile; fileRef = FB4252032462983400960FF9 /* GDTSplashAd.h */; };
		FB42521A2462983400960FF9 /* GDTNativeExpressAd.h in Headers */ = {isa = PBXBuildFile; fileRef = FB4252042462983400960FF9 /* GDTNativeExpressAd.h */; };
		FB42521B2462983400960FF9 /* GDTLogoView.h in Headers */ = {isa = PBXBuildFile; fileRef = FB4252052462983400960FF9 /* GDTLogoView.h */; };
		FB42521C2462983400960FF9 /* GDTMediaView.h in Headers */ = {isa = PBXBuildFile; fileRef = FB4252062462983400960FF9 /* GDTMediaView.h */; };
		FB42521D2462983400960FF9 /* GDTUnifiedNativeAdView.h in Headers */ = {isa = PBXBuildFile; fileRef = FB4252072462983400960FF9 /* GDTUnifiedNativeAdView.h */; };
		FB42521E2462983400960FF9 /* GDTHybridAd.h in Headers */ = {isa = PBXBuildFile; fileRef = FB4252082462983400960FF9 /* GDTHybridAd.h */; };
		FB42521F2462983400960FF9 /* GDTUnifiedNativeAdDataObject.h in Headers */ = {isa = PBXBuildFile; fileRef = FB4252092462983400960FF9 /* GDTUnifiedNativeAdDataObject.h */; };
		FB4252202462983400960FF9 /* GDTSDKDefines.h in Headers */ = {isa = PBXBuildFile; fileRef = FB42520A2462983400960FF9 /* GDTSDKDefines.h */; };
		FB4252212462983400960FF9 /* GDTUnifiedInterstitialAd.h in Headers */ = {isa = PBXBuildFile; fileRef = FB42520B2462983400960FF9 /* GDTUnifiedInterstitialAd.h */; };
		FB4252222462983400960FF9 /* libGDTMobSDK.a in Frameworks */ = {isa = PBXBuildFile; fileRef = FB42520C2462983400960FF9 /* libGDTMobSDK.a */; };
		FB4252232462983400960FF9 /* GDTRewardVideoAdNetworkConnectorProtocol.h in Headers */ = {isa = PBXBuildFile; fileRef = FB42520D2462983400960FF9 /* GDTRewardVideoAdNetworkConnectorProtocol.h */; };
		FB4252242462983400960FF9 /* GDTUnifiedNativeAd.h in Headers */ = {isa = PBXBuildFile; fileRef = FB42520E2462983400960FF9 /* GDTUnifiedNativeAd.h */; };
		FB4252252462983400960FF9 /* GDTVideoConfig.h in Headers */ = {isa = PBXBuildFile; fileRef = FB42520F2462983400960FF9 /* GDTVideoConfig.h */; };
		FB425228246298F100960FF9 /* QuysGDTBannerAdvice.h in Headers */ = {isa = PBXBuildFile; fileRef = FB425226246298F100960FF9 /* QuysGDTBannerAdvice.h */; };
		FB425229246298F100960FF9 /* QuysGDTBannerAdvice.m in Sources */ = {isa = PBXBuildFile; fileRef = FB425227246298F100960FF9 /* QuysGDTBannerAdvice.m */; };
		FB42522B2462B37400960FF9 /* quysAdvice.a in Frameworks */ = {isa = PBXBuildFile; fileRef = FB42522A2462B37400960FF9 /* quysAdvice.a */; };
		FB42522D2462B3B900960FF9 /* QuysAdBannerService.h in Headers */ = {isa = PBXBuildFile; fileRef = FB42522C2462B3B900960FF9 /* QuysAdBannerService.h */; };
		FB4252302462C0C500960FF9 /* QuysGDTSplashAdvice.m in Sources */ = {isa = PBXBuildFile; fileRef = FB42522E2462C0C500960FF9 /* QuysGDTSplashAdvice.m */; };
		FB4252312462C0C500960FF9 /* QuysGDTSplashAdvice.h in Headers */ = {isa = PBXBuildFile; fileRef = FB42522F2462C0C500960FF9 /* QuysGDTSplashAdvice.h */; };
		FB82D8EE244E997700001144 /* QuysAdviceSDK.h in Headers */ = {isa = PBXBuildFile; fileRef = FB82D8EC244E997700001144 /* QuysAdviceSDK.h */; settings = {ATTRIBUTES = (Public, ); }; };
		FBF1A23E244EC2A10091400E /* AppDelegate.m in Sources */ = {isa = PBXBuildFile; fileRef = FBF1A23D244EC2A10091400E /* AppDelegate.m */; };
		FBF1A244244EC2A10091400E /* ViewController.m in Sources */ = {isa = PBXBuildFile; fileRef = FBF1A243244EC2A10091400E /* ViewController.m */; };
		FBF1A247244EC2A10091400E /* Main.storyboard in Resources */ = {isa = PBXBuildFile; fileRef = FBF1A245244EC2A10091400E /* Main.storyboard */; };
		FBF1A249244EC2A40091400E /* Assets.xcassets in Resources */ = {isa = PBXBuildFile; fileRef = FBF1A248244EC2A40091400E /* Assets.xcassets */; };
		FBF1A24C244EC2A40091400E /* LaunchScreen.storyboard in Resources */ = {isa = PBXBuildFile; fileRef = FBF1A24A244EC2A40091400E /* LaunchScreen.storyboard */; };
		FBF1A24F244EC2A40091400E /* main.m in Sources */ = {isa = PBXBuildFile; fileRef = FBF1A24E244EC2A40091400E /* main.m */; };
		FBF1A25A244EC2E40091400E /* QuysAdviceSDKTests.m in Sources */ = {isa = PBXBuildFile; fileRef = FBF1A259244EC2E40091400E /* QuysAdviceSDKTests.m */; };
		FBF1A3162451A4B10091400E /* QuysBannerAdvice.m in Sources */ = {isa = PBXBuildFile; fileRef = FBF1A30D2451A4B10091400E /* QuysBannerAdvice.m */; };
		FBF1A3172451A4B10091400E /* QuysBaseAdvice.h in Headers */ = {isa = PBXBuildFile; fileRef = FBF1A30E2451A4B10091400E /* QuysBaseAdvice.h */; settings = {ATTRIBUTES = (Public, ); }; };
		FBF1A3182451A4B10091400E /* QuysBannerAdvice.h in Headers */ = {isa = PBXBuildFile; fileRef = FBF1A30F2451A4B10091400E /* QuysBannerAdvice.h */; settings = {ATTRIBUTES = (Public, ); }; };
		FBF1A3192451A4B10091400E /* QuysBaseAdvice.m in Sources */ = {isa = PBXBuildFile; fileRef = FBF1A3102451A4B10091400E /* QuysBaseAdvice.m */; };
		FBF1A31A2451A4B10091400E /* QuysOpenScreenAdviceDelegate.h in Headers */ = {isa = PBXBuildFile; fileRef = FBF1A3122451A4B10091400E /* QuysOpenScreenAdviceDelegate.h */; settings = {ATTRIBUTES = (Public, ); }; };
		FBF1A31B2451A4B10091400E /* QuysBaseAdviceDelegate.h in Headers */ = {isa = PBXBuildFile; fileRef = FBF1A3132451A4B10091400E /* QuysBaseAdviceDelegate.h */; settings = {ATTRIBUTES = (Public, ); }; };
		FBF1A31C2451A4B10091400E /* QuysIncentiveVideoAdviceDelegate.h in Headers */ = {isa = PBXBuildFile; fileRef = FBF1A3142451A4B10091400E /* QuysIncentiveVideoAdviceDelegate.h */; settings = {ATTRIBUTES = (Public, ); }; };
		FBF1A31D2451A4B10091400E /* QuysSplashAdviceDelegate.h in Headers */ = {isa = PBXBuildFile; fileRef = FBF1A3152451A4B10091400E /* QuysSplashAdviceDelegate.h */; settings = {ATTRIBUTES = (Public, ); }; };
		FBF1A33D24529E650091400E /* QuysAdConfigManager.h in Headers */ = {isa = PBXBuildFile; fileRef = FBF1A33B24529E650091400E /* QuysAdConfigManager.h */; };
		FBF1A33E24529E650091400E /* QuysAdConfigManager.m in Sources */ = {isa = PBXBuildFile; fileRef = FBF1A33C24529E650091400E /* QuysAdConfigManager.m */; };
		FBF1A3412452B5180091400E /* QuysAdconfigResponseModel.h in Headers */ = {isa = PBXBuildFile; fileRef = FBF1A33F2452B5180091400E /* QuysAdconfigResponseModel.h */; };
		FBF1A3422452B5180091400E /* QuysAdconfigResponseModel.m in Sources */ = {isa = PBXBuildFile; fileRef = FBF1A3402452B5180091400E /* QuysAdconfigResponseModel.m */; };
		FBF1A3452452B5740091400E /* QuysAdConfigRequestModel.h in Headers */ = {isa = PBXBuildFile; fileRef = FBF1A3432452B5740091400E /* QuysAdConfigRequestModel.h */; };
		FBF1A3462452B5740091400E /* QuysAdConfigRequestModel.m in Sources */ = {isa = PBXBuildFile; fileRef = FBF1A3442452B5740091400E /* QuysAdConfigRequestModel.m */; };
		FBF1A34A2452BF400091400E /* NSDate+Quys_Format.h in Headers */ = {isa = PBXBuildFile; fileRef = FBF1A3482452BF400091400E /* NSDate+Quys_Format.h */; };
		FBF1A34B2452BF400091400E /* NSDate+Quys_Format.m in Sources */ = {isa = PBXBuildFile; fileRef = FBF1A3492452BF400091400E /* NSDate+Quys_Format.m */; };
		FBF1A34E2452D0CD0091400E /* UIDevice+Quys_Format.h in Headers */ = {isa = PBXBuildFile; fileRef = FBF1A34C2452D0CD0091400E /* UIDevice+Quys_Format.h */; };
		FBF1A34F2452D0CD0091400E /* UIDevice+Quys_Format.m in Sources */ = {isa = PBXBuildFile; fileRef = FBF1A34D2452D0CD0091400E /* UIDevice+Quys_Format.m */; };
		FBF1A3542452EB1D0091400E /* QuysBaseRequestApi.h in Headers */ = {isa = PBXBuildFile; fileRef = FBF1A3522452EB1D0091400E /* QuysBaseRequestApi.h */; };
		FBF1A3552452EB1D0091400E /* QuysBaseRequestApi.m in Sources */ = {isa = PBXBuildFile; fileRef = FBF1A3532452EB1D0091400E /* QuysBaseRequestApi.m */; };
		FBF1A3582452EB3A0091400E /* QuysConfigRequestApi.h in Headers */ = {isa = PBXBuildFile; fileRef = FBF1A3562452EB3A0091400E /* QuysConfigRequestApi.h */; };
		FBF1A3592452EB3A0091400E /* QuysConfigRequestApi.m in Sources */ = {isa = PBXBuildFile; fileRef = FBF1A3572452EB3A0091400E /* QuysConfigRequestApi.m */; };
		FBF1A3B2245566230091400E /* QuysQYXBannerAdvice.h in Headers */ = {isa = PBXBuildFile; fileRef = FBF1A3B0245566230091400E /* QuysQYXBannerAdvice.h */; };
		FBF1A3C62456791A0091400E /* QuysBannerBaseAdvice.h in Headers */ = {isa = PBXBuildFile; fileRef = FBF1A3C42456791A0091400E /* QuysBannerBaseAdvice.h */; };
		FBF1A3C72456791A0091400E /* QuysBannerBaseAdvice.m in Sources */ = {isa = PBXBuildFile; fileRef = FBF1A3C52456791A0091400E /* QuysBannerBaseAdvice.m */; };
		FBF1A3CF24567A5C0091400E /* QuysSplashAdvice.m in Sources */ = {isa = PBXBuildFile; fileRef = FBF1A3C924567A5C0091400E /* QuysSplashAdvice.m */; };
		FBF1A3D024567A5C0091400E /* QuysSplashAdvice.h in Headers */ = {isa = PBXBuildFile; fileRef = FBF1A3CA24567A5C0091400E /* QuysSplashAdvice.h */; settings = {ATTRIBUTES = (Public, ); }; };
		FBF1A3D124567A5C0091400E /* QuysSplashBaseAdvice.h in Headers */ = {isa = PBXBuildFile; fileRef = FBF1A3CB24567A5C0091400E /* QuysSplashBaseAdvice.h */; };
		FBF1A3D224567A5C0091400E /* QuysSplashBaseAdvice.m in Sources */ = {isa = PBXBuildFile; fileRef = FBF1A3CC24567A5C0091400E /* QuysSplashBaseAdvice.m */; };
		FBF1A3D324567A5C0091400E /* QuysQYXSplashAdvice.m in Sources */ = {isa = PBXBuildFile; fileRef = FBF1A3CD24567A5C0091400E /* QuysQYXSplashAdvice.m */; };
		FBF1A3D424567A5C0091400E /* QuysQYXSplashAdvice.h in Headers */ = {isa = PBXBuildFile; fileRef = FBF1A3CE24567A5C0091400E /* QuysQYXSplashAdvice.h */; };
		FBF1A3DD24567D610091400E /* QuysInformationFlowAdvice.m in Sources */ = {isa = PBXBuildFile; fileRef = FBF1A3D724567D600091400E /* QuysInformationFlowAdvice.m */; };
		FBF1A3DE24567D610091400E /* QuysInformationFlowBaseAdvice.h in Headers */ = {isa = PBXBuildFile; fileRef = FBF1A3D824567D600091400E /* QuysInformationFlowBaseAdvice.h */; };
		FBF1A3DF24567D610091400E /* QuysInformationFlowAdvice.h in Headers */ = {isa = PBXBuildFile; fileRef = FBF1A3D924567D600091400E /* QuysInformationFlowAdvice.h */; settings = {ATTRIBUTES = (Public, ); }; };
		FBF1A3E024567D610091400E /* QuysInformationFlowBaseAdvice.m in Sources */ = {isa = PBXBuildFile; fileRef = FBF1A3DA24567D600091400E /* QuysInformationFlowBaseAdvice.m */; };
		FBF1A3E124567D610091400E /* QuysQYXInformationFlowAdvice.h in Headers */ = {isa = PBXBuildFile; fileRef = FBF1A3DB24567D600091400E /* QuysQYXInformationFlowAdvice.h */; };
		FBF1A3E224567D610091400E /* QuysQYXInformationFlowAdvice.m in Sources */ = {isa = PBXBuildFile; fileRef = FBF1A3DC24567D610091400E /* QuysQYXInformationFlowAdvice.m */; };
		FBF1A3EA2456821B0091400E /* QuysOpenScreenBaseAdvice.h in Headers */ = {isa = PBXBuildFile; fileRef = FBF1A3E4245682190091400E /* QuysOpenScreenBaseAdvice.h */; };
		FBF1A3EB2456821B0091400E /* QuysQYXOpenScreenAdvice.h in Headers */ = {isa = PBXBuildFile; fileRef = FBF1A3E52456821A0091400E /* QuysQYXOpenScreenAdvice.h */; };
		FBF1A3EC2456821B0091400E /* QuysOpenScreenBaseAdvice.m in Sources */ = {isa = PBXBuildFile; fileRef = FBF1A3E62456821A0091400E /* QuysOpenScreenBaseAdvice.m */; };
		FBF1A3ED2456821B0091400E /* QuysOpenScreenAdvice.h in Headers */ = {isa = PBXBuildFile; fileRef = FBF1A3E72456821A0091400E /* QuysOpenScreenAdvice.h */; settings = {ATTRIBUTES = (Public, ); }; };
		FBF1A3EE2456821B0091400E /* QuysQYXOpenScreenAdvice.m in Sources */ = {isa = PBXBuildFile; fileRef = FBF1A3E82456821A0091400E /* QuysQYXOpenScreenAdvice.m */; };
		FBF1A3EF2456821B0091400E /* QuysOpenScreenAdvice.m in Sources */ = {isa = PBXBuildFile; fileRef = FBF1A3E92456821B0091400E /* QuysOpenScreenAdvice.m */; };
		FBF1A3F72456868C0091400E /* QuysIncentiveVideoBaseAdvice.h in Headers */ = {isa = PBXBuildFile; fileRef = FBF1A3F12456868B0091400E /* QuysIncentiveVideoBaseAdvice.h */; };
		FBF1A3F82456868C0091400E /* QuysIncentiveVideoAdvice.m in Sources */ = {isa = PBXBuildFile; fileRef = FBF1A3F22456868C0091400E /* QuysIncentiveVideoAdvice.m */; };
		FBF1A3F92456868C0091400E /* QuysIncentiveVideoBaseAdvice.m in Sources */ = {isa = PBXBuildFile; fileRef = FBF1A3F32456868C0091400E /* QuysIncentiveVideoBaseAdvice.m */; };
		FBF1A3FA2456868C0091400E /* QuysQYXIncentiveVideoAdvice.m in Sources */ = {isa = PBXBuildFile; fileRef = FBF1A3F42456868C0091400E /* QuysQYXIncentiveVideoAdvice.m */; };
		FBF1A3FB2456868C0091400E /* QuysQYXIncentiveVideoAdvice.h in Headers */ = {isa = PBXBuildFile; fileRef = FBF1A3F52456868C0091400E /* QuysQYXIncentiveVideoAdvice.h */; };
		FBF1A3FC2456868C0091400E /* QuysIncentiveVideoAdvice.h in Headers */ = {isa = PBXBuildFile; fileRef = FBF1A3F62456868C0091400E /* QuysIncentiveVideoAdvice.h */; settings = {ATTRIBUTES = (Public, ); }; };
		FBF1A4352456B2210091400E /* QuysAdviceSDK.framework in Frameworks */ = {isa = PBXBuildFile; fileRef = FB82D8E9244E997700001144 /* QuysAdviceSDK.framework */; };
		FBF1A4362456B2210091400E /* QuysAdviceSDK.framework in Embed Frameworks */ = {isa = PBXBuildFile; fileRef = FB82D8E9244E997700001144 /* QuysAdviceSDK.framework */; settings = {ATTRIBUTES = (CodeSignOnCopy, RemoveHeadersOnCopy, ); }; };
		FBF1A43A2456DDC40091400E /* QuysQYXBannerAdvice.m in Sources */ = {isa = PBXBuildFile; fileRef = FBF1A4392456DDC40091400E /* QuysQYXBannerAdvice.m */; };
		FBF1A43F2456E2E50091400E /* quysBundle.bundle in Resources */ = {isa = PBXBuildFile; fileRef = FBF1A43D2456E2E40091400E /* quysBundle.bundle */; };
		FBF1A4402456E2FA0091400E /* quysBundle.bundle in Resources */ = {isa = PBXBuildFile; fileRef = FBF1A43D2456E2E40091400E /* quysBundle.bundle */; };
		FBF1A44B2457CAA00091400E /* QuysAdManager.h in Headers */ = {isa = PBXBuildFile; fileRef = FBF1A4412457C78B0091400E /* QuysAdManager.h */; settings = {ATTRIBUTES = (Public, ); }; };
/* End PBXBuildFile section */

/* Begin PBXContainerItemProxy section */
		FBF1A25C244EC2E40091400E /* PBXContainerItemProxy */ = {
			isa = PBXContainerItemProxy;
			containerPortal = FB82D8E0244E997700001144 /* Project object */;
			proxyType = 1;
			remoteGlobalIDString = FBF1A239244EC2A10091400E;
			remoteInfo = QuysAdvice;
		};
		FBF1A4372456B2210091400E /* PBXContainerItemProxy */ = {
			isa = PBXContainerItemProxy;
			containerPortal = FB82D8E0244E997700001144 /* Project object */;
			proxyType = 1;
			remoteGlobalIDString = FB82D8E8244E997700001144;
			remoteInfo = QuysAdviceSDK;
		};
/* End PBXContainerItemProxy section */

/* Begin PBXCopyFilesBuildPhase section */
		FBF1A36A24552DA20091400E /* Embed Frameworks */ = {
			isa = PBXCopyFilesBuildPhase;
			buildActionMask = 2147483647;
			dstPath = "";
			dstSubfolderSpec = 10;
			files = (
				FBF1A4362456B2210091400E /* QuysAdviceSDK.framework in Embed Frameworks */,
			);
			name = "Embed Frameworks";
			runOnlyForDeploymentPostprocessing = 0;
		};
/* End PBXCopyFilesBuildPhase section */

/* Begin PBXFileReference section */
		00C2CDEE96C6A485129C2820 /* libPods-QuysAdviceSDK-QuysAdviceSDKTests-QuysAdvice.a */ = {isa = PBXFileReference; explicitFileType = archive.ar; includeInIndex = 0; path = "libPods-QuysAdviceSDK-QuysAdviceSDKTests-QuysAdvice.a"; sourceTree = BUILT_PRODUCTS_DIR; };
		0AFBA1CB382C8E3ECF99CFF2 /* Pods-QuysAdviceSDKTests.release.xcconfig */ = {isa = PBXFileReference; includeInIndex = 1; lastKnownFileType = text.xcconfig; name = "Pods-QuysAdviceSDKTests.release.xcconfig"; path = "Target Support Files/Pods-QuysAdviceSDKTests/Pods-QuysAdviceSDKTests.release.xcconfig"; sourceTree = "<group>"; };
		0EB7A3F5CE340B024BDEA655 /* Pods-QuysAdviceSDK-QuysAdviceSDKTests.release.xcconfig */ = {isa = PBXFileReference; includeInIndex = 1; lastKnownFileType = text.xcconfig; name = "Pods-QuysAdviceSDK-QuysAdviceSDKTests.release.xcconfig"; path = "Target Support Files/Pods-QuysAdviceSDK-QuysAdviceSDKTests/Pods-QuysAdviceSDK-QuysAdviceSDKTests.release.xcconfig"; sourceTree = "<group>"; };
		28398A97F7B9522FF16C1E7E /* libPods-QuysAdviceSDK-QuysAdviceSDKTests.a */ = {isa = PBXFileReference; explicitFileType = archive.ar; includeInIndex = 0; path = "libPods-QuysAdviceSDK-QuysAdviceSDKTests.a"; sourceTree = BUILT_PRODUCTS_DIR; };
		30A43E16822771BE34990956 /* Pods-QuysAdviceSDK-QuysAdviceSDKTests.debug.xcconfig */ = {isa = PBXFileReference; includeInIndex = 1; lastKnownFileType = text.xcconfig; name = "Pods-QuysAdviceSDK-QuysAdviceSDKTests.debug.xcconfig"; path = "Target Support Files/Pods-QuysAdviceSDK-QuysAdviceSDKTests/Pods-QuysAdviceSDK-QuysAdviceSDKTests.debug.xcconfig"; sourceTree = "<group>"; };
		440990C413080DDEA312512A /* Pods-QuysAdviceSDK-QuysAdvice.debug.xcconfig */ = {isa = PBXFileReference; includeInIndex = 1; lastKnownFileType = text.xcconfig; name = "Pods-QuysAdviceSDK-QuysAdvice.debug.xcconfig"; path = "Target Support Files/Pods-QuysAdviceSDK-QuysAdvice/Pods-QuysAdviceSDK-QuysAdvice.debug.xcconfig"; sourceTree = "<group>"; };
		59A7C0302B70EF474893541C /* Pods-QuysAdviceSDK-QuysAdviceSDKTests-QuysAdvice.release.xcconfig */ = {isa = PBXFileReference; includeInIndex = 1; lastKnownFileType = text.xcconfig; name = "Pods-QuysAdviceSDK-QuysAdviceSDKTests-QuysAdvice.release.xcconfig"; path = "Target Support Files/Pods-QuysAdviceSDK-QuysAdviceSDKTests-QuysAdvice/Pods-QuysAdviceSDK-QuysAdviceSDKTests-QuysAdvice.release.xcconfig"; sourceTree = "<group>"; };
		6C9C7F605A00113671941CC4 /* Pods-QuysAdviceSDK.release.xcconfig */ = {isa = PBXFileReference; includeInIndex = 1; lastKnownFileType = text.xcconfig; name = "Pods-QuysAdviceSDK.release.xcconfig"; path = "Target Support Files/Pods-QuysAdviceSDK/Pods-QuysAdviceSDK.release.xcconfig"; sourceTree = "<group>"; };
		771712020F73E01AB510C052 /* Pods-QuysAdviceSDK.debug.xcconfig */ = {isa = PBXFileReference; includeInIndex = 1; lastKnownFileType = text.xcconfig; name = "Pods-QuysAdviceSDK.debug.xcconfig"; path = "Target Support Files/Pods-QuysAdviceSDK/Pods-QuysAdviceSDK.debug.xcconfig"; sourceTree = "<group>"; };
		7F02B9AE308F6C2D4F34E262 /* Pods-QuysAdviceSDK-QuysAdviceSDKTests-QuysAdvice.debug.xcconfig */ = {isa = PBXFileReference; includeInIndex = 1; lastKnownFileType = text.xcconfig; name = "Pods-QuysAdviceSDK-QuysAdviceSDKTests-QuysAdvice.debug.xcconfig"; path = "Target Support Files/Pods-QuysAdviceSDK-QuysAdviceSDKTests-QuysAdvice/Pods-QuysAdviceSDK-QuysAdviceSDKTests-QuysAdvice.debug.xcconfig"; sourceTree = "<group>"; };
		81830EBA307EB4257F503DBD /* Pods-QuysAdviceSDKTests.debug.xcconfig */ = {isa = PBXFileReference; includeInIndex = 1; lastKnownFileType = text.xcconfig; name = "Pods-QuysAdviceSDKTests.debug.xcconfig"; path = "Target Support Files/Pods-QuysAdviceSDKTests/Pods-QuysAdviceSDKTests.debug.xcconfig"; sourceTree = "<group>"; };
		8EB45563DB22C5F25A61EE1B /* Pods-QuysAdviceSDKTests-QuysAdvice.debug.xcconfig */ = {isa = PBXFileReference; includeInIndex = 1; lastKnownFileType = text.xcconfig; name = "Pods-QuysAdviceSDKTests-QuysAdvice.debug.xcconfig"; path = "Target Support Files/Pods-QuysAdviceSDKTests-QuysAdvice/Pods-QuysAdviceSDKTests-QuysAdvice.debug.xcconfig"; sourceTree = "<group>"; };
		9E8462789ECB548D4EAA1308 /* Pods-QuysAdviceSDKTests-QuysAdvice.release.xcconfig */ = {isa = PBXFileReference; includeInIndex = 1; lastKnownFileType = text.xcconfig; name = "Pods-QuysAdviceSDKTests-QuysAdvice.release.xcconfig"; path = "Target Support Files/Pods-QuysAdviceSDKTests-QuysAdvice/Pods-QuysAdviceSDKTests-QuysAdvice.release.xcconfig"; sourceTree = "<group>"; };
		9EE982A3189DD0B18827F834 /* Pods-QuysAdviceSDK-QuysAdvice.release.xcconfig */ = {isa = PBXFileReference; includeInIndex = 1; lastKnownFileType = text.xcconfig; name = "Pods-QuysAdviceSDK-QuysAdvice.release.xcconfig"; path = "Target Support Files/Pods-QuysAdviceSDK-QuysAdvice/Pods-QuysAdviceSDK-QuysAdvice.release.xcconfig"; sourceTree = "<group>"; };
		AE07FA017DF8EF46A39497E9 /* libPods-QuysAdviceSDK.a */ = {isa = PBXFileReference; explicitFileType = archive.ar; includeInIndex = 0; path = "libPods-QuysAdviceSDK.a"; sourceTree = BUILT_PRODUCTS_DIR; };
		FB1A3DE12457E27200B7A7D7 /* QuysAdUploadRequestModel.h */ = {isa = PBXFileReference; lastKnownFileType = sourcecode.c.h; path = QuysAdUploadRequestModel.h; sourceTree = "<group>"; };
		FB1A3DE22457E27200B7A7D7 /* QuysAdUploadRequestModel.m */ = {isa = PBXFileReference; lastKnownFileType = sourcecode.c.objc; path = QuysAdUploadRequestModel.m; sourceTree = "<group>"; };
		FB1A3DE52458065A00B7A7D7 /* GlobalMacros.h */ = {isa = PBXFileReference; lastKnownFileType = sourcecode.c.h; path = GlobalMacros.h; sourceTree = "<group>"; };
		FB1A3DE62458104C00B7A7D7 /* ManagerMacros.h */ = {isa = PBXFileReference; lastKnownFileType = sourcecode.c.h; path = ManagerMacros.h; sourceTree = "<group>"; };
		FB1A3DE7245823DE00B7A7D7 /* LaunchScreen.storyboard */ = {isa = PBXFileReference; fileEncoding = 4; lastKnownFileType = file.storyboard; path = LaunchScreen.storyboard; sourceTree = "<group>"; };
		FB1A3E3A245834DC00B7A7D7 /* QuysDemoViewController.h */ = {isa = PBXFileReference; fileEncoding = 4; lastKnownFileType = sourcecode.c.h; path = QuysDemoViewController.h; sourceTree = "<group>"; };
		FB1A3E3B245834DC00B7A7D7 /* QuysDemoViewController.m */ = {isa = PBXFileReference; fileEncoding = 4; lastKnownFileType = sourcecode.c.objc; path = QuysDemoViewController.m; sourceTree = "<group>"; };
		FB1A3E3C245834DC00B7A7D7 /* QuysServiceListTableViewController.h */ = {isa = PBXFileReference; fileEncoding = 4; lastKnownFileType = sourcecode.c.h; path = QuysServiceListTableViewController.h; sourceTree = "<group>"; };
		FB1A3E3D245834DD00B7A7D7 /* QuysServiceListTableViewController.m */ = {isa = PBXFileReference; fileEncoding = 4; lastKnownFileType = sourcecode.c.objc; path = QuysServiceListTableViewController.m; sourceTree = "<group>"; };
		FB1A3E40245950F000B7A7D7 /* libPods-QuysAdviceSDK.a */ = {isa = PBXFileReference; explicitFileType = archive.ar; path = "libPods-QuysAdviceSDK.a"; sourceTree = BUILT_PRODUCTS_DIR; };
		FB1A3E422459514B00B7A7D7 /* libPods-QuysAdviceSDK.a */ = {isa = PBXFileReference; explicitFileType = archive.ar; path = "libPods-QuysAdviceSDK.a"; sourceTree = BUILT_PRODUCTS_DIR; };
		FB1A3E462459551D00B7A7D7 /* quysAdvice.h */ = {isa = PBXFileReference; fileEncoding = 4; lastKnownFileType = sourcecode.c.h; path = quysAdvice.h; sourceTree = "<group>"; };
		FB1A3E482459551D00B7A7D7 /* QuysAdSplashService.h */ = {isa = PBXFileReference; fileEncoding = 4; lastKnownFileType = sourcecode.c.h; path = QuysAdSplashService.h; sourceTree = "<group>"; };
		FB1A3E492459551D00B7A7D7 /* QuysInformationFlowService.h */ = {isa = PBXFileReference; fileEncoding = 4; lastKnownFileType = sourcecode.c.h; path = QuysInformationFlowService.h; sourceTree = "<group>"; };
		FB1A3E4A2459551D00B7A7D7 /* QuysAdviceBaseDelegate.h */ = {isa = PBXFileReference; fileEncoding = 4; lastKnownFileType = sourcecode.c.h; path = QuysAdviceBaseDelegate.h; sourceTree = "<group>"; };
		FB1A3E4B2459551D00B7A7D7 /* QuysAdviceManager.h */ = {isa = PBXFileReference; fileEncoding = 4; lastKnownFileType = sourcecode.c.h; path = QuysAdviceManager.h; sourceTree = "<group>"; };
		FB1A3E4C2459551D00B7A7D7 /* QuysAdBaseService.h */ = {isa = PBXFileReference; fileEncoding = 4; lastKnownFileType = sourcecode.c.h; path = QuysAdBaseService.h; sourceTree = "<group>"; };
		FB1A3E4D2459551D00B7A7D7 /* QuysAdOpenScreenService.h */ = {isa = PBXFileReference; fileEncoding = 4; lastKnownFileType = sourcecode.c.h; path = QuysAdOpenScreenService.h; sourceTree = "<group>"; };
		FB1A3E4E2459551D00B7A7D7 /* QuysAdviceOpeenScreenDelegate.h */ = {isa = PBXFileReference; fileEncoding = 4; lastKnownFileType = sourcecode.c.h; path = QuysAdviceOpeenScreenDelegate.h; sourceTree = "<group>"; };
		FB1A3E4F2459551D00B7A7D7 /* QuysIncentiveVideoService.h */ = {isa = PBXFileReference; fileEncoding = 4; lastKnownFileType = sourcecode.c.h; path = QuysIncentiveVideoService.h; sourceTree = "<group>"; };
		FB1A3E502459551D00B7A7D7 /* QuysIncentiveVideoDelegate.h */ = {isa = PBXFileReference; fileEncoding = 4; lastKnownFileType = sourcecode.c.h; path = QuysIncentiveVideoDelegate.h; sourceTree = "<group>"; };
		FB1A3E512459551D00B7A7D7 /* QuysAdSplashDelegate.h */ = {isa = PBXFileReference; fileEncoding = 4; lastKnownFileType = sourcecode.c.h; path = QuysAdSplashDelegate.h; sourceTree = "<group>"; };
		FB4251FA2462983400960FF9 /* GDTRewardVideoAdNetworkAdapterProtocol.h */ = {isa = PBXFileReference; fileEncoding = 4; lastKnownFileType = sourcecode.c.h; path = GDTRewardVideoAdNetworkAdapterProtocol.h; sourceTree = "<group>"; };
		FB4251FB2462983400960FF9 /* GDTNativeExpressAdView.h */ = {isa = PBXFileReference; fileEncoding = 4; lastKnownFileType = sourcecode.c.h; path = GDTNativeExpressAdView.h; sourceTree = "<group>"; };
		FB4251FC2462983400960FF9 /* GDTMobBannerView.h */ = {isa = PBXFileReference; fileEncoding = 4; lastKnownFileType = sourcecode.c.h; path = GDTMobBannerView.h; sourceTree = "<group>"; };
		FB4251FD2462983400960FF9 /* GDTUnifiedBannerView.h */ = {isa = PBXFileReference; fileEncoding = 4; lastKnownFileType = sourcecode.c.h; path = GDTUnifiedBannerView.h; sourceTree = "<group>"; };
		FB4251FE2462983400960FF9 /* GDTNativeAd.h */ = {isa = PBXFileReference; fileEncoding = 4; lastKnownFileType = sourcecode.c.h; path = GDTNativeAd.h; sourceTree = "<group>"; };
		FB4251FF2462983400960FF9 /* GDTSDKConfig.h */ = {isa = PBXFileReference; fileEncoding = 4; lastKnownFileType = sourcecode.c.h; path = GDTSDKConfig.h; sourceTree = "<group>"; };
		FB4252002462983400960FF9 /* GDTBaseAdNetworkAdapterProtocol.h */ = {isa = PBXFileReference; fileEncoding = 4; lastKnownFileType = sourcecode.c.h; path = GDTBaseAdNetworkAdapterProtocol.h; sourceTree = "<group>"; };
		FB4252012462983400960FF9 /* GDTMobInterstitial.h */ = {isa = PBXFileReference; fileEncoding = 4; lastKnownFileType = sourcecode.c.h; path = GDTMobInterstitial.h; sourceTree = "<group>"; };
		FB4252022462983400960FF9 /* GDTRewardVideoAd.h */ = {isa = PBXFileReference; fileEncoding = 4; lastKnownFileType = sourcecode.c.h; path = GDTRewardVideoAd.h; sourceTree = "<group>"; };
		FB4252032462983400960FF9 /* GDTSplashAd.h */ = {isa = PBXFileReference; fileEncoding = 4; lastKnownFileType = sourcecode.c.h; path = GDTSplashAd.h; sourceTree = "<group>"; };
		FB4252042462983400960FF9 /* GDTNativeExpressAd.h */ = {isa = PBXFileReference; fileEncoding = 4; lastKnownFileType = sourcecode.c.h; path = GDTNativeExpressAd.h; sourceTree = "<group>"; };
		FB4252052462983400960FF9 /* GDTLogoView.h */ = {isa = PBXFileReference; fileEncoding = 4; lastKnownFileType = sourcecode.c.h; path = GDTLogoView.h; sourceTree = "<group>"; };
		FB4252062462983400960FF9 /* GDTMediaView.h */ = {isa = PBXFileReference; fileEncoding = 4; lastKnownFileType = sourcecode.c.h; path = GDTMediaView.h; sourceTree = "<group>"; };
		FB4252072462983400960FF9 /* GDTUnifiedNativeAdView.h */ = {isa = PBXFileReference; fileEncoding = 4; lastKnownFileType = sourcecode.c.h; path = GDTUnifiedNativeAdView.h; sourceTree = "<group>"; };
		FB4252082462983400960FF9 /* GDTHybridAd.h */ = {isa = PBXFileReference; fileEncoding = 4; lastKnownFileType = sourcecode.c.h; path = GDTHybridAd.h; sourceTree = "<group>"; };
		FB4252092462983400960FF9 /* GDTUnifiedNativeAdDataObject.h */ = {isa = PBXFileReference; fileEncoding = 4; lastKnownFileType = sourcecode.c.h; path = GDTUnifiedNativeAdDataObject.h; sourceTree = "<group>"; };
		FB42520A2462983400960FF9 /* GDTSDKDefines.h */ = {isa = PBXFileReference; fileEncoding = 4; lastKnownFileType = sourcecode.c.h; path = GDTSDKDefines.h; sourceTree = "<group>"; };
		FB42520B2462983400960FF9 /* GDTUnifiedInterstitialAd.h */ = {isa = PBXFileReference; fileEncoding = 4; lastKnownFileType = sourcecode.c.h; path = GDTUnifiedInterstitialAd.h; sourceTree = "<group>"; };
		FB42520C2462983400960FF9 /* libGDTMobSDK.a */ = {isa = PBXFileReference; lastKnownFileType = archive.ar; path = libGDTMobSDK.a; sourceTree = "<group>"; };
		FB42520D2462983400960FF9 /* GDTRewardVideoAdNetworkConnectorProtocol.h */ = {isa = PBXFileReference; fileEncoding = 4; lastKnownFileType = sourcecode.c.h; path = GDTRewardVideoAdNetworkConnectorProtocol.h; sourceTree = "<group>"; };
		FB42520E2462983400960FF9 /* GDTUnifiedNativeAd.h */ = {isa = PBXFileReference; fileEncoding = 4; lastKnownFileType = sourcecode.c.h; path = GDTUnifiedNativeAd.h; sourceTree = "<group>"; };
		FB42520F2462983400960FF9 /* GDTVideoConfig.h */ = {isa = PBXFileReference; fileEncoding = 4; lastKnownFileType = sourcecode.c.h; path = GDTVideoConfig.h; sourceTree = "<group>"; };
		FB425226246298F100960FF9 /* QuysGDTBannerAdvice.h */ = {isa = PBXFileReference; lastKnownFileType = sourcecode.c.h; path = QuysGDTBannerAdvice.h; sourceTree = "<group>"; };
		FB425227246298F100960FF9 /* QuysGDTBannerAdvice.m */ = {isa = PBXFileReference; lastKnownFileType = sourcecode.c.objc; path = QuysGDTBannerAdvice.m; sourceTree = "<group>"; };
		FB42522A2462B37400960FF9 /* quysAdvice.a */ = {isa = PBXFileReference; lastKnownFileType = archive.ar; path = quysAdvice.a; sourceTree = "<group>"; };
		FB42522C2462B3B900960FF9 /* QuysAdBannerService.h */ = {isa = PBXFileReference; fileEncoding = 4; lastKnownFileType = sourcecode.c.h; path = QuysAdBannerService.h; sourceTree = "<group>"; };
		FB42522E2462C0C500960FF9 /* QuysGDTSplashAdvice.m */ = {isa = PBXFileReference; fileEncoding = 4; lastKnownFileType = sourcecode.c.objc; path = QuysGDTSplashAdvice.m; sourceTree = "<group>"; };
		FB42522F2462C0C500960FF9 /* QuysGDTSplashAdvice.h */ = {isa = PBXFileReference; fileEncoding = 4; lastKnownFileType = sourcecode.c.h; path = QuysGDTSplashAdvice.h; sourceTree = "<group>"; };
		FB82D8E9244E997700001144 /* QuysAdviceSDK.framework */ = {isa = PBXFileReference; explicitFileType = wrapper.framework; includeInIndex = 0; path = QuysAdviceSDK.framework; sourceTree = BUILT_PRODUCTS_DIR; };
		FB82D8EC244E997700001144 /* QuysAdviceSDK.h */ = {isa = PBXFileReference; lastKnownFileType = sourcecode.c.h; path = QuysAdviceSDK.h; sourceTree = "<group>"; };
		FB82D8ED244E997700001144 /* Info.plist */ = {isa = PBXFileReference; lastKnownFileType = text.plist.xml; path = Info.plist; sourceTree = "<group>"; };
		FBF1A23A244EC2A10091400E /* 趣.app */ = {isa = PBXFileReference; explicitFileType = wrapper.application; includeInIndex = 0; path = "趣.app"; sourceTree = BUILT_PRODUCTS_DIR; };
		FBF1A23C244EC2A10091400E /* AppDelegate.h */ = {isa = PBXFileReference; lastKnownFileType = sourcecode.c.h; path = AppDelegate.h; sourceTree = "<group>"; };
		FBF1A23D244EC2A10091400E /* AppDelegate.m */ = {isa = PBXFileReference; lastKnownFileType = sourcecode.c.objc; path = AppDelegate.m; sourceTree = "<group>"; };
		FBF1A242244EC2A10091400E /* ViewController.h */ = {isa = PBXFileReference; lastKnownFileType = sourcecode.c.h; path = ViewController.h; sourceTree = "<group>"; };
		FBF1A243244EC2A10091400E /* ViewController.m */ = {isa = PBXFileReference; lastKnownFileType = sourcecode.c.objc; path = ViewController.m; sourceTree = "<group>"; };
		FBF1A246244EC2A10091400E /* Base */ = {isa = PBXFileReference; lastKnownFileType = file.storyboard; name = Base; path = Base.lproj/Main.storyboard; sourceTree = "<group>"; };
		FBF1A248244EC2A40091400E /* Assets.xcassets */ = {isa = PBXFileReference; lastKnownFileType = folder.assetcatalog; path = Assets.xcassets; sourceTree = "<group>"; };
		FBF1A24B244EC2A40091400E /* Base */ = {isa = PBXFileReference; lastKnownFileType = file.storyboard; name = Base; path = Base.lproj/LaunchScreen.storyboard; sourceTree = "<group>"; };
		FBF1A24D244EC2A40091400E /* Info.plist */ = {isa = PBXFileReference; lastKnownFileType = text.plist.xml; path = Info.plist; sourceTree = "<group>"; };
		FBF1A24E244EC2A40091400E /* main.m */ = {isa = PBXFileReference; lastKnownFileType = sourcecode.c.objc; path = main.m; sourceTree = "<group>"; };
		FBF1A257244EC2E40091400E /* QuysAdviceSDKTests.xctest */ = {isa = PBXFileReference; explicitFileType = wrapper.cfbundle; includeInIndex = 0; path = QuysAdviceSDKTests.xctest; sourceTree = BUILT_PRODUCTS_DIR; };
		FBF1A259244EC2E40091400E /* QuysAdviceSDKTests.m */ = {isa = PBXFileReference; lastKnownFileType = sourcecode.c.objc; path = QuysAdviceSDKTests.m; sourceTree = "<group>"; };
		FBF1A25B244EC2E40091400E /* Info.plist */ = {isa = PBXFileReference; lastKnownFileType = text.plist.xml; path = Info.plist; sourceTree = "<group>"; };
		FBF1A30D2451A4B10091400E /* QuysBannerAdvice.m */ = {isa = PBXFileReference; fileEncoding = 4; lastKnownFileType = sourcecode.c.objc; path = QuysBannerAdvice.m; sourceTree = "<group>"; };
		FBF1A30E2451A4B10091400E /* QuysBaseAdvice.h */ = {isa = PBXFileReference; fileEncoding = 4; lastKnownFileType = sourcecode.c.h; path = QuysBaseAdvice.h; sourceTree = "<group>"; };
		FBF1A30F2451A4B10091400E /* QuysBannerAdvice.h */ = {isa = PBXFileReference; fileEncoding = 4; lastKnownFileType = sourcecode.c.h; path = QuysBannerAdvice.h; sourceTree = "<group>"; };
		FBF1A3102451A4B10091400E /* QuysBaseAdvice.m */ = {isa = PBXFileReference; fileEncoding = 4; lastKnownFileType = sourcecode.c.objc; path = QuysBaseAdvice.m; sourceTree = "<group>"; };
		FBF1A3122451A4B10091400E /* QuysOpenScreenAdviceDelegate.h */ = {isa = PBXFileReference; fileEncoding = 4; lastKnownFileType = sourcecode.c.h; path = QuysOpenScreenAdviceDelegate.h; sourceTree = "<group>"; };
		FBF1A3132451A4B10091400E /* QuysBaseAdviceDelegate.h */ = {isa = PBXFileReference; fileEncoding = 4; lastKnownFileType = sourcecode.c.h; path = QuysBaseAdviceDelegate.h; sourceTree = "<group>"; };
		FBF1A3142451A4B10091400E /* QuysIncentiveVideoAdviceDelegate.h */ = {isa = PBXFileReference; fileEncoding = 4; lastKnownFileType = sourcecode.c.h; path = QuysIncentiveVideoAdviceDelegate.h; sourceTree = "<group>"; };
		FBF1A3152451A4B10091400E /* QuysSplashAdviceDelegate.h */ = {isa = PBXFileReference; fileEncoding = 4; lastKnownFileType = sourcecode.c.h; path = QuysSplashAdviceDelegate.h; sourceTree = "<group>"; };
		FBF1A33B24529E650091400E /* QuysAdConfigManager.h */ = {isa = PBXFileReference; lastKnownFileType = sourcecode.c.h; path = QuysAdConfigManager.h; sourceTree = "<group>"; };
		FBF1A33C24529E650091400E /* QuysAdConfigManager.m */ = {isa = PBXFileReference; lastKnownFileType = sourcecode.c.objc; path = QuysAdConfigManager.m; sourceTree = "<group>"; };
		FBF1A33F2452B5180091400E /* QuysAdconfigResponseModel.h */ = {isa = PBXFileReference; lastKnownFileType = sourcecode.c.h; path = QuysAdconfigResponseModel.h; sourceTree = "<group>"; };
		FBF1A3402452B5180091400E /* QuysAdconfigResponseModel.m */ = {isa = PBXFileReference; lastKnownFileType = sourcecode.c.objc; path = QuysAdconfigResponseModel.m; sourceTree = "<group>"; };
		FBF1A3432452B5740091400E /* QuysAdConfigRequestModel.h */ = {isa = PBXFileReference; lastKnownFileType = sourcecode.c.h; path = QuysAdConfigRequestModel.h; sourceTree = "<group>"; };
		FBF1A3442452B5740091400E /* QuysAdConfigRequestModel.m */ = {isa = PBXFileReference; lastKnownFileType = sourcecode.c.objc; path = QuysAdConfigRequestModel.m; sourceTree = "<group>"; };
		FBF1A3482452BF400091400E /* NSDate+Quys_Format.h */ = {isa = PBXFileReference; lastKnownFileType = sourcecode.c.h; path = "NSDate+Quys_Format.h"; sourceTree = "<group>"; };
		FBF1A3492452BF400091400E /* NSDate+Quys_Format.m */ = {isa = PBXFileReference; lastKnownFileType = sourcecode.c.objc; path = "NSDate+Quys_Format.m"; sourceTree = "<group>"; };
		FBF1A34C2452D0CD0091400E /* UIDevice+Quys_Format.h */ = {isa = PBXFileReference; lastKnownFileType = sourcecode.c.h; path = "UIDevice+Quys_Format.h"; sourceTree = "<group>"; };
		FBF1A34D2452D0CD0091400E /* UIDevice+Quys_Format.m */ = {isa = PBXFileReference; lastKnownFileType = sourcecode.c.objc; path = "UIDevice+Quys_Format.m"; sourceTree = "<group>"; };
		FBF1A3502452E86B0091400E /* QusPCHHeader.h */ = {isa = PBXFileReference; lastKnownFileType = sourcecode.c.h; path = QusPCHHeader.h; sourceTree = "<group>"; };
		FBF1A3522452EB1D0091400E /* QuysBaseRequestApi.h */ = {isa = PBXFileReference; lastKnownFileType = sourcecode.c.h; path = QuysBaseRequestApi.h; sourceTree = "<group>"; };
		FBF1A3532452EB1D0091400E /* QuysBaseRequestApi.m */ = {isa = PBXFileReference; lastKnownFileType = sourcecode.c.objc; path = QuysBaseRequestApi.m; sourceTree = "<group>"; };
		FBF1A3562452EB3A0091400E /* QuysConfigRequestApi.h */ = {isa = PBXFileReference; lastKnownFileType = sourcecode.c.h; path = QuysConfigRequestApi.h; sourceTree = "<group>"; };
		FBF1A3572452EB3A0091400E /* QuysConfigRequestApi.m */ = {isa = PBXFileReference; lastKnownFileType = sourcecode.c.objc; path = QuysConfigRequestApi.m; sourceTree = "<group>"; };
		FBF1A3B0245566230091400E /* QuysQYXBannerAdvice.h */ = {isa = PBXFileReference; lastKnownFileType = sourcecode.c.h; path = QuysQYXBannerAdvice.h; sourceTree = "<group>"; };
		FBF1A3C42456791A0091400E /* QuysBannerBaseAdvice.h */ = {isa = PBXFileReference; lastKnownFileType = sourcecode.c.h; path = QuysBannerBaseAdvice.h; sourceTree = "<group>"; };
		FBF1A3C52456791A0091400E /* QuysBannerBaseAdvice.m */ = {isa = PBXFileReference; lastKnownFileType = sourcecode.c.objc; path = QuysBannerBaseAdvice.m; sourceTree = "<group>"; };
		FBF1A3C924567A5C0091400E /* QuysSplashAdvice.m */ = {isa = PBXFileReference; fileEncoding = 4; lastKnownFileType = sourcecode.c.objc; path = QuysSplashAdvice.m; sourceTree = "<group>"; };
		FBF1A3CA24567A5C0091400E /* QuysSplashAdvice.h */ = {isa = PBXFileReference; fileEncoding = 4; lastKnownFileType = sourcecode.c.h; path = QuysSplashAdvice.h; sourceTree = "<group>"; };
		FBF1A3CB24567A5C0091400E /* QuysSplashBaseAdvice.h */ = {isa = PBXFileReference; fileEncoding = 4; lastKnownFileType = sourcecode.c.h; path = QuysSplashBaseAdvice.h; sourceTree = "<group>"; };
		FBF1A3CC24567A5C0091400E /* QuysSplashBaseAdvice.m */ = {isa = PBXFileReference; fileEncoding = 4; lastKnownFileType = sourcecode.c.objc; path = QuysSplashBaseAdvice.m; sourceTree = "<group>"; };
		FBF1A3CD24567A5C0091400E /* QuysQYXSplashAdvice.m */ = {isa = PBXFileReference; fileEncoding = 4; lastKnownFileType = sourcecode.c.objc; path = QuysQYXSplashAdvice.m; sourceTree = "<group>"; };
		FBF1A3CE24567A5C0091400E /* QuysQYXSplashAdvice.h */ = {isa = PBXFileReference; fileEncoding = 4; lastKnownFileType = sourcecode.c.h; path = QuysQYXSplashAdvice.h; sourceTree = "<group>"; };
		FBF1A3D724567D600091400E /* QuysInformationFlowAdvice.m */ = {isa = PBXFileReference; fileEncoding = 4; lastKnownFileType = sourcecode.c.objc; path = QuysInformationFlowAdvice.m; sourceTree = "<group>"; };
		FBF1A3D824567D600091400E /* QuysInformationFlowBaseAdvice.h */ = {isa = PBXFileReference; fileEncoding = 4; lastKnownFileType = sourcecode.c.h; path = QuysInformationFlowBaseAdvice.h; sourceTree = "<group>"; };
		FBF1A3D924567D600091400E /* QuysInformationFlowAdvice.h */ = {isa = PBXFileReference; fileEncoding = 4; lastKnownFileType = sourcecode.c.h; path = QuysInformationFlowAdvice.h; sourceTree = "<group>"; };
		FBF1A3DA24567D600091400E /* QuysInformationFlowBaseAdvice.m */ = {isa = PBXFileReference; fileEncoding = 4; lastKnownFileType = sourcecode.c.objc; path = QuysInformationFlowBaseAdvice.m; sourceTree = "<group>"; };
		FBF1A3DB24567D600091400E /* QuysQYXInformationFlowAdvice.h */ = {isa = PBXFileReference; fileEncoding = 4; lastKnownFileType = sourcecode.c.h; path = QuysQYXInformationFlowAdvice.h; sourceTree = "<group>"; };
		FBF1A3DC24567D610091400E /* QuysQYXInformationFlowAdvice.m */ = {isa = PBXFileReference; fileEncoding = 4; lastKnownFileType = sourcecode.c.objc; path = QuysQYXInformationFlowAdvice.m; sourceTree = "<group>"; };
		FBF1A3E4245682190091400E /* QuysOpenScreenBaseAdvice.h */ = {isa = PBXFileReference; fileEncoding = 4; lastKnownFileType = sourcecode.c.h; path = QuysOpenScreenBaseAdvice.h; sourceTree = "<group>"; };
		FBF1A3E52456821A0091400E /* QuysQYXOpenScreenAdvice.h */ = {isa = PBXFileReference; fileEncoding = 4; lastKnownFileType = sourcecode.c.h; path = QuysQYXOpenScreenAdvice.h; sourceTree = "<group>"; };
		FBF1A3E62456821A0091400E /* QuysOpenScreenBaseAdvice.m */ = {isa = PBXFileReference; fileEncoding = 4; lastKnownFileType = sourcecode.c.objc; path = QuysOpenScreenBaseAdvice.m; sourceTree = "<group>"; };
		FBF1A3E72456821A0091400E /* QuysOpenScreenAdvice.h */ = {isa = PBXFileReference; fileEncoding = 4; lastKnownFileType = sourcecode.c.h; path = QuysOpenScreenAdvice.h; sourceTree = "<group>"; };
		FBF1A3E82456821A0091400E /* QuysQYXOpenScreenAdvice.m */ = {isa = PBXFileReference; fileEncoding = 4; lastKnownFileType = sourcecode.c.objc; path = QuysQYXOpenScreenAdvice.m; sourceTree = "<group>"; };
		FBF1A3E92456821B0091400E /* QuysOpenScreenAdvice.m */ = {isa = PBXFileReference; fileEncoding = 4; lastKnownFileType = sourcecode.c.objc; path = QuysOpenScreenAdvice.m; sourceTree = "<group>"; };
		FBF1A3F12456868B0091400E /* QuysIncentiveVideoBaseAdvice.h */ = {isa = PBXFileReference; fileEncoding = 4; lastKnownFileType = sourcecode.c.h; path = QuysIncentiveVideoBaseAdvice.h; sourceTree = "<group>"; };
		FBF1A3F22456868C0091400E /* QuysIncentiveVideoAdvice.m */ = {isa = PBXFileReference; fileEncoding = 4; lastKnownFileType = sourcecode.c.objc; path = QuysIncentiveVideoAdvice.m; sourceTree = "<group>"; };
		FBF1A3F32456868C0091400E /* QuysIncentiveVideoBaseAdvice.m */ = {isa = PBXFileReference; fileEncoding = 4; lastKnownFileType = sourcecode.c.objc; path = QuysIncentiveVideoBaseAdvice.m; sourceTree = "<group>"; };
		FBF1A3F42456868C0091400E /* QuysQYXIncentiveVideoAdvice.m */ = {isa = PBXFileReference; fileEncoding = 4; lastKnownFileType = sourcecode.c.objc; path = QuysQYXIncentiveVideoAdvice.m; sourceTree = "<group>"; };
		FBF1A3F52456868C0091400E /* QuysQYXIncentiveVideoAdvice.h */ = {isa = PBXFileReference; fileEncoding = 4; lastKnownFileType = sourcecode.c.h; path = QuysQYXIncentiveVideoAdvice.h; sourceTree = "<group>"; };
		FBF1A3F62456868C0091400E /* QuysIncentiveVideoAdvice.h */ = {isa = PBXFileReference; fileEncoding = 4; lastKnownFileType = sourcecode.c.h; path = QuysIncentiveVideoAdvice.h; sourceTree = "<group>"; };
		FBF1A4392456DDC40091400E /* QuysQYXBannerAdvice.m */ = {isa = PBXFileReference; fileEncoding = 4; lastKnownFileType = sourcecode.c.objc; path = QuysQYXBannerAdvice.m; sourceTree = "<group>"; };
		FBF1A43D2456E2E40091400E /* quysBundle.bundle */ = {isa = PBXFileReference; lastKnownFileType = "wrapper.plug-in"; path = quysBundle.bundle; sourceTree = "<group>"; };
		FBF1A4412457C78B0091400E /* QuysAdManager.h */ = {isa = PBXFileReference; lastKnownFileType = sourcecode.c.h; path = QuysAdManager.h; sourceTree = "<group>"; };
		FBF1A4422457C78B0091400E /* QuysAdManager.m */ = {isa = PBXFileReference; lastKnownFileType = sourcecode.c.objc; path = QuysAdManager.m; sourceTree = "<group>"; };
/* End PBXFileReference section */

/* Begin PBXFrameworksBuildPhase section */
		FB82D8E6244E997700001144 /* Frameworks */ = {
			isa = PBXFrameworksBuildPhase;
			buildActionMask = 2147483647;
			files = (
				FB4252222462983400960FF9 /* libGDTMobSDK.a in Frameworks */,
				FB42522B2462B37400960FF9 /* quysAdvice.a in Frameworks */,
			);
			runOnlyForDeploymentPostprocessing = 0;
		};
		FBF1A237244EC2A10091400E /* Frameworks */ = {
			isa = PBXFrameworksBuildPhase;
			buildActionMask = 2147483647;
			files = (
				FBF1A4352456B2210091400E /* QuysAdviceSDK.framework in Frameworks */,
			);
			runOnlyForDeploymentPostprocessing = 0;
		};
		FBF1A254244EC2E40091400E /* Frameworks */ = {
			isa = PBXFrameworksBuildPhase;
			buildActionMask = 2147483647;
			files = (
				3139E8987DBDA4478C27DB18 /* libPods-QuysAdviceSDK-QuysAdviceSDKTests.a in Frameworks */,
			);
			runOnlyForDeploymentPostprocessing = 0;
		};
/* End PBXFrameworksBuildPhase section */

/* Begin PBXGroup section */
		16383AF207752E8467D27753 /* Frameworks */ = {
			isa = PBXGroup;
			children = (
				FB1A3E422459514B00B7A7D7 /* libPods-QuysAdviceSDK.a */,
				FB1A3E40245950F000B7A7D7 /* libPods-QuysAdviceSDK.a */,
				AE07FA017DF8EF46A39497E9 /* libPods-QuysAdviceSDK.a */,
				28398A97F7B9522FF16C1E7E /* libPods-QuysAdviceSDK-QuysAdviceSDKTests.a */,
				00C2CDEE96C6A485129C2820 /* libPods-QuysAdviceSDK-QuysAdviceSDKTests-QuysAdvice.a */,
			);
			name = Frameworks;
			sourceTree = "<group>";
		};
		44C9891042F231F2A03D9BCD /* Pods */ = {
			isa = PBXGroup;
			children = (
				440990C413080DDEA312512A /* Pods-QuysAdviceSDK-QuysAdvice.debug.xcconfig */,
				9EE982A3189DD0B18827F834 /* Pods-QuysAdviceSDK-QuysAdvice.release.xcconfig */,
				8EB45563DB22C5F25A61EE1B /* Pods-QuysAdviceSDKTests-QuysAdvice.debug.xcconfig */,
				9E8462789ECB548D4EAA1308 /* Pods-QuysAdviceSDKTests-QuysAdvice.release.xcconfig */,
				81830EBA307EB4257F503DBD /* Pods-QuysAdviceSDKTests.debug.xcconfig */,
				0AFBA1CB382C8E3ECF99CFF2 /* Pods-QuysAdviceSDKTests.release.xcconfig */,
				771712020F73E01AB510C052 /* Pods-QuysAdviceSDK.debug.xcconfig */,
				6C9C7F605A00113671941CC4 /* Pods-QuysAdviceSDK.release.xcconfig */,
				30A43E16822771BE34990956 /* Pods-QuysAdviceSDK-QuysAdviceSDKTests.debug.xcconfig */,
				0EB7A3F5CE340B024BDEA655 /* Pods-QuysAdviceSDK-QuysAdviceSDKTests.release.xcconfig */,
				7F02B9AE308F6C2D4F34E262 /* Pods-QuysAdviceSDK-QuysAdviceSDKTests-QuysAdvice.debug.xcconfig */,
				59A7C0302B70EF474893541C /* Pods-QuysAdviceSDK-QuysAdviceSDKTests-QuysAdvice.release.xcconfig */,
			);
			path = Pods;
			sourceTree = "<group>";
		};
		FB1A3DDF2457CDDE00B7A7D7 /* Models */ = {
			isa = PBXGroup;
			children = (
				FBF1A33F2452B5180091400E /* QuysAdconfigResponseModel.h */,
				FBF1A3402452B5180091400E /* QuysAdconfigResponseModel.m */,
				FBF1A3432452B5740091400E /* QuysAdConfigRequestModel.h */,
				FBF1A3442452B5740091400E /* QuysAdConfigRequestModel.m */,
				FB1A3DE12457E27200B7A7D7 /* QuysAdUploadRequestModel.h */,
				FB1A3DE22457E27200B7A7D7 /* QuysAdUploadRequestModel.m */,
			);
			path = Models;
			sourceTree = "<group>";
		};
		FB1A3E452459551D00B7A7D7 /* Headers */ = {
			isa = PBXGroup;
			children = (
				FB1A3E462459551D00B7A7D7 /* quysAdvice.h */,
				FB42522C2462B3B900960FF9 /* QuysAdBannerService.h */,
				FB1A3E482459551D00B7A7D7 /* QuysAdSplashService.h */,
				FB1A3E492459551D00B7A7D7 /* QuysInformationFlowService.h */,
				FB1A3E4A2459551D00B7A7D7 /* QuysAdviceBaseDelegate.h */,
				FB1A3E4B2459551D00B7A7D7 /* QuysAdviceManager.h */,
				FB1A3E4C2459551D00B7A7D7 /* QuysAdBaseService.h */,
				FB1A3E4D2459551D00B7A7D7 /* QuysAdOpenScreenService.h */,
				FB1A3E4E2459551D00B7A7D7 /* QuysAdviceOpeenScreenDelegate.h */,
				FB1A3E4F2459551D00B7A7D7 /* QuysIncentiveVideoService.h */,
				FB1A3E502459551D00B7A7D7 /* QuysIncentiveVideoDelegate.h */,
				FB1A3E512459551D00B7A7D7 /* QuysAdSplashDelegate.h */,
			);
			path = Headers;
			sourceTree = "<group>";
		};
		FB4251F72462975A00960FF9 /* Quys */ = {
			isa = PBXGroup;
			children = (
				FB42522A2462B37400960FF9 /* quysAdvice.a */,
				FB1A3E452459551D00B7A7D7 /* Headers */,
				FBF1A43D2456E2E40091400E /* quysBundle.bundle */,
			);
			path = Quys;
			sourceTree = "<group>";
		};
		FB4251F82462981F00960FF9 /* GDT */ = {
			isa = PBXGroup;
			children = (
				FB4251FA2462983400960FF9 /* GDTRewardVideoAdNetworkAdapterProtocol.h */,
				FB4251FB2462983400960FF9 /* GDTNativeExpressAdView.h */,
				FB4251FC2462983400960FF9 /* GDTMobBannerView.h */,
				FB4251FD2462983400960FF9 /* GDTUnifiedBannerView.h */,
				FB4251FE2462983400960FF9 /* GDTNativeAd.h */,
				FB4251FF2462983400960FF9 /* GDTSDKConfig.h */,
				FB4252002462983400960FF9 /* GDTBaseAdNetworkAdapterProtocol.h */,
				FB4252012462983400960FF9 /* GDTMobInterstitial.h */,
				FB4252022462983400960FF9 /* GDTRewardVideoAd.h */,
				FB4252032462983400960FF9 /* GDTSplashAd.h */,
				FB4252042462983400960FF9 /* GDTNativeExpressAd.h */,
				FB4252052462983400960FF9 /* GDTLogoView.h */,
				FB4252062462983400960FF9 /* GDTMediaView.h */,
				FB4252072462983400960FF9 /* GDTUnifiedNativeAdView.h */,
				FB4252082462983400960FF9 /* GDTHybridAd.h */,
				FB4252092462983400960FF9 /* GDTUnifiedNativeAdDataObject.h */,
				FB42520A2462983400960FF9 /* GDTSDKDefines.h */,
				FB42520B2462983400960FF9 /* GDTUnifiedInterstitialAd.h */,
				FB42520C2462983400960FF9 /* libGDTMobSDK.a */,
				FB42520D2462983400960FF9 /* GDTRewardVideoAdNetworkConnectorProtocol.h */,
				FB42520E2462983400960FF9 /* GDTUnifiedNativeAd.h */,
				FB42520F2462983400960FF9 /* GDTVideoConfig.h */,
			);
			path = GDT;
			sourceTree = "<group>";
		};
		FB82D8DF244E997700001144 = {
			isa = PBXGroup;
			children = (
				FB82D8EB244E997700001144 /* QuysAdviceSDK */,
				FBF1A23B244EC2A10091400E /* QuysAdvice */,
				FBF1A258244EC2E40091400E /* QuysAdviceSDKTests */,
				FB82D8EA244E997700001144 /* Products */,
				44C9891042F231F2A03D9BCD /* Pods */,
				16383AF207752E8467D27753 /* Frameworks */,
			);
			sourceTree = "<group>";
		};
		FB82D8EA244E997700001144 /* Products */ = {
			isa = PBXGroup;
			children = (
				FB82D8E9244E997700001144 /* QuysAdviceSDK.framework */,
				FBF1A23A244EC2A10091400E /* 趣.app */,
				FBF1A257244EC2E40091400E /* QuysAdviceSDKTests.xctest */,
			);
			name = Products;
			sourceTree = "<group>";
		};
		FB82D8EB244E997700001144 /* QuysAdviceSDK */ = {
			isa = PBXGroup;
			children = (
				FB1A3DDF2457CDDE00B7A7D7 /* Models */,
				FBF1A3512452EAF30091400E /* Apis */,
				FBF1A3472452BF090091400E /* Category */,
				FBF1A33A24529CE20091400E /* Manager */,
				FBF1A30C2451A4B10091400E /* Advices */,
				FBF1A30E2451A4B10091400E /* QuysBaseAdvice.h */,
				FBF1A3102451A4B10091400E /* QuysBaseAdvice.m */,
				FBF1A3112451A4B10091400E /* Protocols */,
				FBF1A3062451A3F40091400E /* libs */,
				FB82D8EC244E997700001144 /* QuysAdviceSDK.h */,
				FB82D8ED244E997700001144 /* Info.plist */,
				FB1A3DE52458065A00B7A7D7 /* GlobalMacros.h */,
				FBF1A3502452E86B0091400E /* QusPCHHeader.h */,
			);
			path = QuysAdviceSDK;
			sourceTree = "<group>";
		};
		FBF1A23B244EC2A10091400E /* QuysAdvice */ = {
			isa = PBXGroup;
			children = (
				FB1A3E3A245834DC00B7A7D7 /* QuysDemoViewController.h */,
				FB1A3E3B245834DC00B7A7D7 /* QuysDemoViewController.m */,
				FB1A3E3C245834DC00B7A7D7 /* QuysServiceListTableViewController.h */,
				FB1A3E3D245834DD00B7A7D7 /* QuysServiceListTableViewController.m */,
				FBF1A23C244EC2A10091400E /* AppDelegate.h */,
				FBF1A23D244EC2A10091400E /* AppDelegate.m */,
				FBF1A242244EC2A10091400E /* ViewController.h */,
				FBF1A243244EC2A10091400E /* ViewController.m */,
				FB1A3DE7245823DE00B7A7D7 /* LaunchScreen.storyboard */,
				FBF1A245244EC2A10091400E /* Main.storyboard */,
				FBF1A248244EC2A40091400E /* Assets.xcassets */,
				FBF1A24A244EC2A40091400E /* LaunchScreen.storyboard */,
				FBF1A24D244EC2A40091400E /* Info.plist */,
				FBF1A24E244EC2A40091400E /* main.m */,
			);
			path = QuysAdvice;
			sourceTree = "<group>";
		};
		FBF1A258244EC2E40091400E /* QuysAdviceSDKTests */ = {
			isa = PBXGroup;
			children = (
				FBF1A259244EC2E40091400E /* QuysAdviceSDKTests.m */,
				FBF1A25B244EC2E40091400E /* Info.plist */,
			);
			path = QuysAdviceSDKTests;
			sourceTree = "<group>";
		};
		FBF1A3062451A3F40091400E /* libs */ = {
			isa = PBXGroup;
			children = (
				FB4251F82462981F00960FF9 /* GDT */,
				FB4251F72462975A00960FF9 /* Quys */,
			);
			path = libs;
			sourceTree = "<group>";
		};
		FBF1A30C2451A4B10091400E /* Advices */ = {
			isa = PBXGroup;
			children = (
				FBF1A3F02456863D0091400E /* IncentiveVideo */,
				FBF1A3E3245681F20091400E /* OpenScreen */,
				FBF1A3D524567D350091400E /* Informations */,
				FBF1A3C824567A240091400E /* Splash */,
				FBF1A3AF245565BB0091400E /* BannerAdvices */,
			);
			path = Advices;
			sourceTree = "<group>";
		};
		FBF1A3112451A4B10091400E /* Protocols */ = {
			isa = PBXGroup;
			children = (
				FBF1A3122451A4B10091400E /* QuysOpenScreenAdviceDelegate.h */,
				FBF1A3132451A4B10091400E /* QuysBaseAdviceDelegate.h */,
				FBF1A3142451A4B10091400E /* QuysIncentiveVideoAdviceDelegate.h */,
				FBF1A3152451A4B10091400E /* QuysSplashAdviceDelegate.h */,
			);
			path = Protocols;
			sourceTree = "<group>";
		};
		FBF1A33A24529CE20091400E /* Manager */ = {
			isa = PBXGroup;
			children = (
				FBF1A4452457C78F0091400E /* inside */,
				FBF1A4412457C78B0091400E /* QuysAdManager.h */,
				FBF1A4422457C78B0091400E /* QuysAdManager.m */,
			);
			path = Manager;
			sourceTree = "<group>";
		};
		FBF1A3472452BF090091400E /* Category */ = {
			isa = PBXGroup;
			children = (
				FBF1A3482452BF400091400E /* NSDate+Quys_Format.h */,
				FBF1A3492452BF400091400E /* NSDate+Quys_Format.m */,
				FBF1A34C2452D0CD0091400E /* UIDevice+Quys_Format.h */,
				FBF1A34D2452D0CD0091400E /* UIDevice+Quys_Format.m */,
			);
			path = Category;
			sourceTree = "<group>";
		};
		FBF1A3512452EAF30091400E /* Apis */ = {
			isa = PBXGroup;
			children = (
				FBF1A3522452EB1D0091400E /* QuysBaseRequestApi.h */,
				FBF1A3532452EB1D0091400E /* QuysBaseRequestApi.m */,
				FBF1A3562452EB3A0091400E /* QuysConfigRequestApi.h */,
				FBF1A3572452EB3A0091400E /* QuysConfigRequestApi.m */,
			);
			path = Apis;
			sourceTree = "<group>";
		};
		FBF1A3AF245565BB0091400E /* BannerAdvices */ = {
			isa = PBXGroup;
			children = (
				FBF1A44A2457C8430091400E /* inside */,
				FBF1A30F2451A4B10091400E /* QuysBannerAdvice.h */,
				FBF1A30D2451A4B10091400E /* QuysBannerAdvice.m */,
			);
			path = BannerAdvices;
			sourceTree = "<group>";
		};
		FBF1A3C824567A240091400E /* Splash */ = {
			isa = PBXGroup;
			children = (
				FBF1A4492457C83A0091400E /* inside */,
				FBF1A3CA24567A5C0091400E /* QuysSplashAdvice.h */,
				FBF1A3C924567A5C0091400E /* QuysSplashAdvice.m */,
			);
			path = Splash;
			sourceTree = "<group>";
		};
		FBF1A3D524567D350091400E /* Informations */ = {
			isa = PBXGroup;
			children = (
				FBF1A4482457C82F0091400E /* inside */,
				FBF1A3D924567D600091400E /* QuysInformationFlowAdvice.h */,
				FBF1A3D724567D600091400E /* QuysInformationFlowAdvice.m */,
			);
			path = Informations;
			sourceTree = "<group>";
		};
		FBF1A3E3245681F20091400E /* OpenScreen */ = {
			isa = PBXGroup;
			children = (
				FBF1A4472457C8240091400E /* inside */,
				FBF1A3E72456821A0091400E /* QuysOpenScreenAdvice.h */,
				FBF1A3E92456821B0091400E /* QuysOpenScreenAdvice.m */,
			);
			path = OpenScreen;
			sourceTree = "<group>";
		};
		FBF1A3F02456863D0091400E /* IncentiveVideo */ = {
			isa = PBXGroup;
			children = (
				FBF1A4462457C8110091400E /* inside */,
				FBF1A3F62456868C0091400E /* QuysIncentiveVideoAdvice.h */,
				FBF1A3F22456868C0091400E /* QuysIncentiveVideoAdvice.m */,
			);
			path = IncentiveVideo;
			sourceTree = "<group>";
		};
		FBF1A4452457C78F0091400E /* inside */ = {
			isa = PBXGroup;
			children = (
				FBF1A33B24529E650091400E /* QuysAdConfigManager.h */,
				FBF1A33C24529E650091400E /* QuysAdConfigManager.m */,
				FB1A3DE62458104C00B7A7D7 /* ManagerMacros.h */,
			);
			path = inside;
			sourceTree = "<group>";
		};
		FBF1A4462457C8110091400E /* inside */ = {
			isa = PBXGroup;
			children = (
				FBF1A3F12456868B0091400E /* QuysIncentiveVideoBaseAdvice.h */,
				FBF1A3F32456868C0091400E /* QuysIncentiveVideoBaseAdvice.m */,
				FBF1A3F52456868C0091400E /* QuysQYXIncentiveVideoAdvice.h */,
				FBF1A3F42456868C0091400E /* QuysQYXIncentiveVideoAdvice.m */,
			);
			path = inside;
			sourceTree = "<group>";
		};
		FBF1A4472457C8240091400E /* inside */ = {
			isa = PBXGroup;
			children = (
				FBF1A3E4245682190091400E /* QuysOpenScreenBaseAdvice.h */,
				FBF1A3E62456821A0091400E /* QuysOpenScreenBaseAdvice.m */,
				FBF1A3E52456821A0091400E /* QuysQYXOpenScreenAdvice.h */,
				FBF1A3E82456821A0091400E /* QuysQYXOpenScreenAdvice.m */,
			);
			path = inside;
			sourceTree = "<group>";
		};
		FBF1A4482457C82F0091400E /* inside */ = {
			isa = PBXGroup;
			children = (
				FBF1A3D824567D600091400E /* QuysInformationFlowBaseAdvice.h */,
				FBF1A3DA24567D600091400E /* QuysInformationFlowBaseAdvice.m */,
				FBF1A3DB24567D600091400E /* QuysQYXInformationFlowAdvice.h */,
				FBF1A3DC24567D610091400E /* QuysQYXInformationFlowAdvice.m */,
			);
			path = inside;
			sourceTree = "<group>";
		};
		FBF1A4492457C83A0091400E /* inside */ = {
			isa = PBXGroup;
			children = (
				FBF1A3CB24567A5C0091400E /* QuysSplashBaseAdvice.h */,
				FBF1A3CC24567A5C0091400E /* QuysSplashBaseAdvice.m */,
				FB42522F2462C0C500960FF9 /* QuysGDTSplashAdvice.h */,
				FB42522E2462C0C500960FF9 /* QuysGDTSplashAdvice.m */,
				FBF1A3CE24567A5C0091400E /* QuysQYXSplashAdvice.h */,
				FBF1A3CD24567A5C0091400E /* QuysQYXSplashAdvice.m */,
			);
			path = inside;
			sourceTree = "<group>";
		};
		FBF1A44A2457C8430091400E /* inside */ = {
			isa = PBXGroup;
			children = (
				FBF1A3C42456791A0091400E /* QuysBannerBaseAdvice.h */,
				FBF1A3C52456791A0091400E /* QuysBannerBaseAdvice.m */,
				FBF1A3B0245566230091400E /* QuysQYXBannerAdvice.h */,
				FBF1A4392456DDC40091400E /* QuysQYXBannerAdvice.m */,
				FB425226246298F100960FF9 /* QuysGDTBannerAdvice.h */,
				FB425227246298F100960FF9 /* QuysGDTBannerAdvice.m */,
			);
			path = inside;
			sourceTree = "<group>";
		};
/* End PBXGroup section */

/* Begin PBXHeadersBuildPhase section */
		FB82D8E4244E997700001144 /* Headers */ = {
			isa = PBXHeadersBuildPhase;
			buildActionMask = 2147483647;
			files = (
				FB1A3DE32457E27200B7A7D7 /* QuysAdUploadRequestModel.h in Headers */,
				FBF1A44B2457CAA00091400E /* QuysAdManager.h in Headers */,
				FBF1A3ED2456821B0091400E /* QuysOpenScreenAdvice.h in Headers */,
				FBF1A3C62456791A0091400E /* QuysBannerBaseAdvice.h in Headers */,
				FBF1A3D424567A5C0091400E /* QuysQYXSplashAdvice.h in Headers */,
				FB1A3E5A2459551D00B7A7D7 /* QuysAdOpenScreenService.h in Headers */,
				FBF1A3D024567A5C0091400E /* QuysSplashAdvice.h in Headers */,
				FBF1A3FC2456868C0091400E /* QuysIncentiveVideoAdvice.h in Headers */,
				FB42521B2462983400960FF9 /* GDTLogoView.h in Headers */,
				FB1A3E5B2459551D00B7A7D7 /* QuysAdviceOpeenScreenDelegate.h in Headers */,
				FBF1A3EB2456821B0091400E /* QuysQYXOpenScreenAdvice.h in Headers */,
				FB4252242462983400960FF9 /* GDTUnifiedNativeAd.h in Headers */,
				FBF1A3DF24567D610091400E /* QuysInformationFlowAdvice.h in Headers */,
				FB4252142462983400960FF9 /* GDTNativeAd.h in Headers */,
				FBF1A3D124567A5C0091400E /* QuysSplashBaseAdvice.h in Headers */,
				FBF1A33D24529E650091400E /* QuysAdConfigManager.h in Headers */,
				FB4252112462983400960FF9 /* GDTNativeExpressAdView.h in Headers */,
				FB4252182462983400960FF9 /* GDTRewardVideoAd.h in Headers */,
				FBF1A3542452EB1D0091400E /* QuysBaseRequestApi.h in Headers */,
				FB4252132462983400960FF9 /* GDTUnifiedBannerView.h in Headers */,
				FB4252232462983400960FF9 /* GDTRewardVideoAdNetworkConnectorProtocol.h in Headers */,
				FBF1A3E124567D610091400E /* QuysQYXInformationFlowAdvice.h in Headers */,
				FB82D8EE244E997700001144 /* QuysAdviceSDK.h in Headers */,
				FB1A3E562459551D00B7A7D7 /* QuysInformationFlowService.h in Headers */,
				FBF1A31C2451A4B10091400E /* QuysIncentiveVideoAdviceDelegate.h in Headers */,
				FB4252212462983400960FF9 /* GDTUnifiedInterstitialAd.h in Headers */,
				FB4252312462C0C500960FF9 /* QuysGDTSplashAdvice.h in Headers */,
				FBF1A31A2451A4B10091400E /* QuysOpenScreenAdviceDelegate.h in Headers */,
				FBF1A34A2452BF400091400E /* NSDate+Quys_Format.h in Headers */,
				FB425228246298F100960FF9 /* QuysGDTBannerAdvice.h in Headers */,
				FB1A3E592459551D00B7A7D7 /* QuysAdBaseService.h in Headers */,
				FBF1A3172451A4B10091400E /* QuysBaseAdvice.h in Headers */,
				FBF1A3B2245566230091400E /* QuysQYXBannerAdvice.h in Headers */,
				FB1A3E5C2459551D00B7A7D7 /* QuysIncentiveVideoService.h in Headers */,
				FB4252102462983400960FF9 /* GDTRewardVideoAdNetworkAdapterProtocol.h in Headers */,
				FBF1A31D2451A4B10091400E /* QuysSplashAdviceDelegate.h in Headers */,
				FB42521D2462983400960FF9 /* GDTUnifiedNativeAdView.h in Headers */,
				FBF1A34E2452D0CD0091400E /* UIDevice+Quys_Format.h in Headers */,
				FB4252172462983400960FF9 /* GDTMobInterstitial.h in Headers */,
				FBF1A3F72456868C0091400E /* QuysIncentiveVideoBaseAdvice.h in Headers */,
				FB4252192462983400960FF9 /* GDTSplashAd.h in Headers */,
				FB1A3E552459551D00B7A7D7 /* QuysAdSplashService.h in Headers */,
				FB42522D2462B3B900960FF9 /* QuysAdBannerService.h in Headers */,
				FBF1A31B2451A4B10091400E /* QuysBaseAdviceDelegate.h in Headers */,
				FBF1A3FB2456868C0091400E /* QuysQYXIncentiveVideoAdvice.h in Headers */,
				FB42521F2462983400960FF9 /* GDTUnifiedNativeAdDataObject.h in Headers */,
				FB42521C2462983400960FF9 /* GDTMediaView.h in Headers */,
				FBF1A3182451A4B10091400E /* QuysBannerAdvice.h in Headers */,
				FBF1A3EA2456821B0091400E /* QuysOpenScreenBaseAdvice.h in Headers */,
				FB4252162462983400960FF9 /* GDTBaseAdNetworkAdapterProtocol.h in Headers */,
				FB1A3E532459551D00B7A7D7 /* quysAdvice.h in Headers */,
				FB1A3E5D2459551D00B7A7D7 /* QuysIncentiveVideoDelegate.h in Headers */,
				FB1A3E582459551D00B7A7D7 /* QuysAdviceManager.h in Headers */,
				FB4252122462983400960FF9 /* GDTMobBannerView.h in Headers */,
				FB1A3E572459551D00B7A7D7 /* QuysAdviceBaseDelegate.h in Headers */,
				FB1A3E5E2459551D00B7A7D7 /* QuysAdSplashDelegate.h in Headers */,
				FB4252152462983400960FF9 /* GDTSDKConfig.h in Headers */,
				FB4252252462983400960FF9 /* GDTVideoConfig.h in Headers */,
				FBF1A3582452EB3A0091400E /* QuysConfigRequestApi.h in Headers */,
				FB42521E2462983400960FF9 /* GDTHybridAd.h in Headers */,
				FBF1A3412452B5180091400E /* QuysAdconfigResponseModel.h in Headers */,
				FBF1A3DE24567D610091400E /* QuysInformationFlowBaseAdvice.h in Headers */,
				FB4252202462983400960FF9 /* GDTSDKDefines.h in Headers */,
				FB42521A2462983400960FF9 /* GDTNativeExpressAd.h in Headers */,
				FBF1A3452452B5740091400E /* QuysAdConfigRequestModel.h in Headers */,
			);
			runOnlyForDeploymentPostprocessing = 0;
		};
/* End PBXHeadersBuildPhase section */

/* Begin PBXNativeTarget section */
		FB82D8E8244E997700001144 /* QuysAdviceSDK */ = {
			isa = PBXNativeTarget;
			buildConfigurationList = FB82D8F1244E997700001144 /* Build configuration list for PBXNativeTarget "QuysAdviceSDK" */;
			buildPhases = (
				70CAC648DF04617C0D0D0A31 /* [CP] Check Pods Manifest.lock */,
				FB82D8E4244E997700001144 /* Headers */,
				FB82D8E5244E997700001144 /* Sources */,
				FB82D8E6244E997700001144 /* Frameworks */,
				FB82D8E7244E997700001144 /* Resources */,
			);
			buildRules = (
			);
			dependencies = (
			);
			name = QuysAdviceSDK;
			productName = QuysAdviceSDK;
			productReference = FB82D8E9244E997700001144 /* QuysAdviceSDK.framework */;
			productType = "com.apple.product-type.framework";
		};
		FBF1A239244EC2A10091400E /* QuysAdvice */ = {
			isa = PBXNativeTarget;
			buildConfigurationList = FBF1A252244EC2A40091400E /* Build configuration list for PBXNativeTarget "QuysAdvice" */;
			buildPhases = (
				0E1C717AD845272ADA98A615 /* [CP] Check Pods Manifest.lock */,
				FBF1A236244EC2A10091400E /* Sources */,
				FBF1A237244EC2A10091400E /* Frameworks */,
				FBF1A238244EC2A10091400E /* Resources */,
				FBF1A36A24552DA20091400E /* Embed Frameworks */,
			);
			buildRules = (
			);
			dependencies = (
				FBF1A4382456B2210091400E /* PBXTargetDependency */,
			);
			name = QuysAdvice;
			productName = QuysAdvice;
			productReference = FBF1A23A244EC2A10091400E /* 趣.app */;
			productType = "com.apple.product-type.application";
		};
		FBF1A256244EC2E40091400E /* QuysAdviceSDKTests */ = {
			isa = PBXNativeTarget;
			buildConfigurationList = FBF1A260244EC2E40091400E /* Build configuration list for PBXNativeTarget "QuysAdviceSDKTests" */;
			buildPhases = (
				7AEDA4502817ACCD79D3533E /* [CP] Check Pods Manifest.lock */,
				FBF1A253244EC2E40091400E /* Sources */,
				FBF1A254244EC2E40091400E /* Frameworks */,
				FBF1A255244EC2E40091400E /* Resources */,
			);
			buildRules = (
			);
			dependencies = (
				FBF1A25D244EC2E40091400E /* PBXTargetDependency */,
			);
			name = QuysAdviceSDKTests;
			productName = QuysAdviceSDKTests;
			productReference = FBF1A257244EC2E40091400E /* QuysAdviceSDKTests.xctest */;
			productType = "com.apple.product-type.bundle.ui-testing";
		};
/* End PBXNativeTarget section */

/* Begin PBXProject section */
		FB82D8E0244E997700001144 /* Project object */ = {
			isa = PBXProject;
			attributes = {
				LastUpgradeCheck = 1130;
				ORGANIZATIONNAME = Quys;
				TargetAttributes = {
					FB82D8E8244E997700001144 = {
						CreatedOnToolsVersion = 11.3;
					};
					FBF1A239244EC2A10091400E = {
						CreatedOnToolsVersion = 11.3;
					};
					FBF1A256244EC2E40091400E = {
						CreatedOnToolsVersion = 11.3;
						TestTargetID = FBF1A239244EC2A10091400E;
					};
				};
			};
			buildConfigurationList = FB82D8E3244E997700001144 /* Build configuration list for PBXProject "QuysAdviceSDK" */;
			compatibilityVersion = "Xcode 9.3";
			developmentRegion = en;
			hasScannedForEncodings = 0;
			knownRegions = (
				en,
				Base,
			);
			mainGroup = FB82D8DF244E997700001144;
			productRefGroup = FB82D8EA244E997700001144 /* Products */;
			projectDirPath = "";
			projectRoot = "";
			targets = (
				FB82D8E8244E997700001144 /* QuysAdviceSDK */,
				FBF1A239244EC2A10091400E /* QuysAdvice */,
				FBF1A256244EC2E40091400E /* QuysAdviceSDKTests */,
			);
		};
/* End PBXProject section */

/* Begin PBXResourcesBuildPhase section */
		FB82D8E7244E997700001144 /* Resources */ = {
			isa = PBXResourcesBuildPhase;
			buildActionMask = 2147483647;
			files = (
				FBF1A43F2456E2E50091400E /* quysBundle.bundle in Resources */,
			);
			runOnlyForDeploymentPostprocessing = 0;
		};
		FBF1A238244EC2A10091400E /* Resources */ = {
			isa = PBXResourcesBuildPhase;
			buildActionMask = 2147483647;
			files = (
				FBF1A4402456E2FA0091400E /* quysBundle.bundle in Resources */,
				FBF1A24C244EC2A40091400E /* LaunchScreen.storyboard in Resources */,
				FBF1A249244EC2A40091400E /* Assets.xcassets in Resources */,
				FB1A3DE8245823DF00B7A7D7 /* LaunchScreen.storyboard in Resources */,
				FBF1A247244EC2A10091400E /* Main.storyboard in Resources */,
			);
			runOnlyForDeploymentPostprocessing = 0;
		};
		FBF1A255244EC2E40091400E /* Resources */ = {
			isa = PBXResourcesBuildPhase;
			buildActionMask = 2147483647;
			files = (
			);
			runOnlyForDeploymentPostprocessing = 0;
		};
/* End PBXResourcesBuildPhase section */

/* Begin PBXShellScriptBuildPhase section */
		0E1C717AD845272ADA98A615 /* [CP] Check Pods Manifest.lock */ = {
			isa = PBXShellScriptBuildPhase;
			buildActionMask = 2147483647;
			files = (
			);
			inputFileListPaths = (
			);
			inputPaths = (
				"${PODS_PODFILE_DIR_PATH}/Podfile.lock",
				"${PODS_ROOT}/Manifest.lock",
			);
			name = "[CP] Check Pods Manifest.lock";
			outputFileListPaths = (
			);
			outputPaths = (
				"$(DERIVED_FILE_DIR)/Pods-QuysAdviceSDK-QuysAdviceSDKTests-QuysAdvice-checkManifestLockResult.txt",
			);
			runOnlyForDeploymentPostprocessing = 0;
			shellPath = /bin/sh;
			shellScript = "diff \"${PODS_PODFILE_DIR_PATH}/Podfile.lock\" \"${PODS_ROOT}/Manifest.lock\" > /dev/null\nif [ $? != 0 ] ; then\n    # print error to STDERR\n    echo \"error: The sandbox is not in sync with the Podfile.lock. Run 'pod install' or update your CocoaPods installation.\" >&2\n    exit 1\nfi\n# This output is used by Xcode 'outputs' to avoid re-running this script phase.\necho \"SUCCESS\" > \"${SCRIPT_OUTPUT_FILE_0}\"\n";
			showEnvVarsInLog = 0;
		};
		70CAC648DF04617C0D0D0A31 /* [CP] Check Pods Manifest.lock */ = {
			isa = PBXShellScriptBuildPhase;
			buildActionMask = 2147483647;
			files = (
			);
			inputFileListPaths = (
			);
			inputPaths = (
				"${PODS_PODFILE_DIR_PATH}/Podfile.lock",
				"${PODS_ROOT}/Manifest.lock",
			);
			name = "[CP] Check Pods Manifest.lock";
			outputFileListPaths = (
			);
			outputPaths = (
				"$(DERIVED_FILE_DIR)/Pods-QuysAdviceSDK-checkManifestLockResult.txt",
			);
			runOnlyForDeploymentPostprocessing = 0;
			shellPath = /bin/sh;
			shellScript = "diff \"${PODS_PODFILE_DIR_PATH}/Podfile.lock\" \"${PODS_ROOT}/Manifest.lock\" > /dev/null\nif [ $? != 0 ] ; then\n    # print error to STDERR\n    echo \"error: The sandbox is not in sync with the Podfile.lock. Run 'pod install' or update your CocoaPods installation.\" >&2\n    exit 1\nfi\n# This output is used by Xcode 'outputs' to avoid re-running this script phase.\necho \"SUCCESS\" > \"${SCRIPT_OUTPUT_FILE_0}\"\n";
			showEnvVarsInLog = 0;
		};
		7AEDA4502817ACCD79D3533E /* [CP] Check Pods Manifest.lock */ = {
			isa = PBXShellScriptBuildPhase;
			buildActionMask = 2147483647;
			files = (
			);
			inputFileListPaths = (
			);
			inputPaths = (
				"${PODS_PODFILE_DIR_PATH}/Podfile.lock",
				"${PODS_ROOT}/Manifest.lock",
			);
			name = "[CP] Check Pods Manifest.lock";
			outputFileListPaths = (
			);
			outputPaths = (
				"$(DERIVED_FILE_DIR)/Pods-QuysAdviceSDK-QuysAdviceSDKTests-checkManifestLockResult.txt",
			);
			runOnlyForDeploymentPostprocessing = 0;
			shellPath = /bin/sh;
			shellScript = "diff \"${PODS_PODFILE_DIR_PATH}/Podfile.lock\" \"${PODS_ROOT}/Manifest.lock\" > /dev/null\nif [ $? != 0 ] ; then\n    # print error to STDERR\n    echo \"error: The sandbox is not in sync with the Podfile.lock. Run 'pod install' or update your CocoaPods installation.\" >&2\n    exit 1\nfi\n# This output is used by Xcode 'outputs' to avoid re-running this script phase.\necho \"SUCCESS\" > \"${SCRIPT_OUTPUT_FILE_0}\"\n";
			showEnvVarsInLog = 0;
		};
/* End PBXShellScriptBuildPhase section */

/* Begin PBXSourcesBuildPhase section */
		FB82D8E5244E997700001144 /* Sources */ = {
			isa = PBXSourcesBuildPhase;
			buildActionMask = 2147483647;
			files = (
				FB1A3DE02457D72A00B7A7D7 /* QuysAdManager.m in Sources */,
				FBF1A3E024567D610091400E /* QuysInformationFlowBaseAdvice.m in Sources */,
				FBF1A3422452B5180091400E /* QuysAdconfigResponseModel.m in Sources */,
				FBF1A3C72456791A0091400E /* QuysBannerBaseAdvice.m in Sources */,
				FBF1A3D324567A5C0091400E /* QuysQYXSplashAdvice.m in Sources */,
				FBF1A3192451A4B10091400E /* QuysBaseAdvice.m in Sources */,
				FBF1A33E24529E650091400E /* QuysAdConfigManager.m in Sources */,
				FBF1A34F2452D0CD0091400E /* UIDevice+Quys_Format.m in Sources */,
				FBF1A34B2452BF400091400E /* NSDate+Quys_Format.m in Sources */,
				FBF1A3EC2456821B0091400E /* QuysOpenScreenBaseAdvice.m in Sources */,
				FBF1A3162451A4B10091400E /* QuysBannerAdvice.m in Sources */,
				FBF1A3592452EB3A0091400E /* QuysConfigRequestApi.m in Sources */,
				FB425229246298F100960FF9 /* QuysGDTBannerAdvice.m in Sources */,
				FB1A3DE42457E27200B7A7D7 /* QuysAdUploadRequestModel.m in Sources */,
				FBF1A3D224567A5C0091400E /* QuysSplashBaseAdvice.m in Sources */,
				FBF1A3F92456868C0091400E /* QuysIncentiveVideoBaseAdvice.m in Sources */,
				FBF1A3462452B5740091400E /* QuysAdConfigRequestModel.m in Sources */,
				FBF1A3CF24567A5C0091400E /* QuysSplashAdvice.m in Sources */,
				FBF1A3DD24567D610091400E /* QuysInformationFlowAdvice.m in Sources */,
				FBF1A3F82456868C0091400E /* QuysIncentiveVideoAdvice.m in Sources */,
				FBF1A3EE2456821B0091400E /* QuysQYXOpenScreenAdvice.m in Sources */,
				FBF1A3E224567D610091400E /* QuysQYXInformationFlowAdvice.m in Sources */,
				FBF1A3EF2456821B0091400E /* QuysOpenScreenAdvice.m in Sources */,
				FBF1A3FA2456868C0091400E /* QuysQYXIncentiveVideoAdvice.m in Sources */,
				FBF1A43A2456DDC40091400E /* QuysQYXBannerAdvice.m in Sources */,
				FB4252302462C0C500960FF9 /* QuysGDTSplashAdvice.m in Sources */,
				FBF1A3552452EB1D0091400E /* QuysBaseRequestApi.m in Sources */,
			);
			runOnlyForDeploymentPostprocessing = 0;
		};
		FBF1A236244EC2A10091400E /* Sources */ = {
			isa = PBXSourcesBuildPhase;
			buildActionMask = 2147483647;
			files = (
				FB1A3E3F245834DD00B7A7D7 /* QuysServiceListTableViewController.m in Sources */,
				FBF1A244244EC2A10091400E /* ViewController.m in Sources */,
				FB1A3E3E245834DD00B7A7D7 /* QuysDemoViewController.m in Sources */,
				FBF1A23E244EC2A10091400E /* AppDelegate.m in Sources */,
				FBF1A24F244EC2A40091400E /* main.m in Sources */,
			);
			runOnlyForDeploymentPostprocessing = 0;
		};
		FBF1A253244EC2E40091400E /* Sources */ = {
			isa = PBXSourcesBuildPhase;
			buildActionMask = 2147483647;
			files = (
				FBF1A25A244EC2E40091400E /* QuysAdviceSDKTests.m in Sources */,
			);
			runOnlyForDeploymentPostprocessing = 0;
		};
/* End PBXSourcesBuildPhase section */

/* Begin PBXTargetDependency section */
		FBF1A25D244EC2E40091400E /* PBXTargetDependency */ = {
			isa = PBXTargetDependency;
			target = FBF1A239244EC2A10091400E /* QuysAdvice */;
			targetProxy = FBF1A25C244EC2E40091400E /* PBXContainerItemProxy */;
		};
		FBF1A4382456B2210091400E /* PBXTargetDependency */ = {
			isa = PBXTargetDependency;
			target = FB82D8E8244E997700001144 /* QuysAdviceSDK */;
			targetProxy = FBF1A4372456B2210091400E /* PBXContainerItemProxy */;
		};
/* End PBXTargetDependency section */

/* Begin PBXVariantGroup section */
		FBF1A245244EC2A10091400E /* Main.storyboard */ = {
			isa = PBXVariantGroup;
			children = (
				FBF1A246244EC2A10091400E /* Base */,
			);
			name = Main.storyboard;
			sourceTree = "<group>";
		};
		FBF1A24A244EC2A40091400E /* LaunchScreen.storyboard */ = {
			isa = PBXVariantGroup;
			children = (
				FBF1A24B244EC2A40091400E /* Base */,
			);
			name = LaunchScreen.storyboard;
			sourceTree = "<group>";
		};
/* End PBXVariantGroup section */

/* Begin XCBuildConfiguration section */
		FB82D8EF244E997700001144 /* Debug */ = {
			isa = XCBuildConfiguration;
			buildSettings = {
				ALWAYS_SEARCH_USER_PATHS = NO;
				CLANG_ALLOW_NON_MODULAR_INCLUDES_IN_FRAMEWORK_MODULES = NO;
				CLANG_ANALYZER_NONNULL = YES;
				CLANG_ANALYZER_NUMBER_OBJECT_CONVERSION = YES_AGGRESSIVE;
				CLANG_CXX_LANGUAGE_STANDARD = "gnu++14";
				CLANG_CXX_LIBRARY = "libc++";
				CLANG_ENABLE_MODULES = YES;
				CLANG_ENABLE_OBJC_ARC = YES;
				CLANG_ENABLE_OBJC_WEAK = YES;
				CLANG_WARN_BLOCK_CAPTURE_AUTORELEASING = YES;
				CLANG_WARN_BOOL_CONVERSION = YES;
				CLANG_WARN_COMMA = YES;
				CLANG_WARN_CONSTANT_CONVERSION = YES;
				CLANG_WARN_DEPRECATED_OBJC_IMPLEMENTATIONS = YES;
				CLANG_WARN_DIRECT_OBJC_ISA_USAGE = YES_ERROR;
				CLANG_WARN_DOCUMENTATION_COMMENTS = YES;
				CLANG_WARN_EMPTY_BODY = YES;
				CLANG_WARN_ENUM_CONVERSION = YES;
				CLANG_WARN_INFINITE_RECURSION = YES;
				CLANG_WARN_INT_CONVERSION = YES;
				CLANG_WARN_NON_LITERAL_NULL_CONVERSION = YES;
				CLANG_WARN_OBJC_IMPLICIT_RETAIN_SELF = YES;
				CLANG_WARN_OBJC_LITERAL_CONVERSION = YES;
				CLANG_WARN_OBJC_ROOT_CLASS = YES_ERROR;
				CLANG_WARN_RANGE_LOOP_ANALYSIS = YES;
				CLANG_WARN_STRICT_PROTOTYPES = YES;
				CLANG_WARN_SUSPICIOUS_MOVE = YES;
				CLANG_WARN_UNGUARDED_AVAILABILITY = YES_AGGRESSIVE;
				CLANG_WARN_UNREACHABLE_CODE = YES;
				CLANG_WARN__DUPLICATE_METHOD_MATCH = YES;
				COPY_PHASE_STRIP = NO;
				CURRENT_PROJECT_VERSION = 1;
				DEBUG_INFORMATION_FORMAT = dwarf;
				ENABLE_STRICT_OBJC_MSGSEND = YES;
				ENABLE_TESTABILITY = YES;
				GCC_C_LANGUAGE_STANDARD = gnu11;
				GCC_DYNAMIC_NO_PIC = NO;
				GCC_NO_COMMON_BLOCKS = YES;
				GCC_OPTIMIZATION_LEVEL = 0;
				GCC_PREPROCESSOR_DEFINITIONS = (
					"DEBUG=1",
					"$(inherited)",
				);
				GCC_WARN_64_TO_32_BIT_CONVERSION = YES;
				GCC_WARN_ABOUT_RETURN_TYPE = YES_ERROR;
				GCC_WARN_UNDECLARED_SELECTOR = YES;
				GCC_WARN_UNINITIALIZED_AUTOS = YES_AGGRESSIVE;
				GCC_WARN_UNUSED_FUNCTION = YES;
				GCC_WARN_UNUSED_VARIABLE = YES;
				IPHONEOS_DEPLOYMENT_TARGET = 9.0;
				MTL_ENABLE_DEBUG_INFO = INCLUDE_SOURCE;
				MTL_FAST_MATH = YES;
				ONLY_ACTIVE_ARCH = YES;
				SDKROOT = iphoneos;
				VERSIONING_SYSTEM = "apple-generic";
				VERSION_INFO_PREFIX = "";
			};
			name = Debug;
		};
		FB82D8F0244E997700001144 /* Release */ = {
			isa = XCBuildConfiguration;
			buildSettings = {
				ALWAYS_SEARCH_USER_PATHS = NO;
				CLANG_ALLOW_NON_MODULAR_INCLUDES_IN_FRAMEWORK_MODULES = NO;
				CLANG_ANALYZER_NONNULL = YES;
				CLANG_ANALYZER_NUMBER_OBJECT_CONVERSION = YES_AGGRESSIVE;
				CLANG_CXX_LANGUAGE_STANDARD = "gnu++14";
				CLANG_CXX_LIBRARY = "libc++";
				CLANG_ENABLE_MODULES = YES;
				CLANG_ENABLE_OBJC_ARC = YES;
				CLANG_ENABLE_OBJC_WEAK = YES;
				CLANG_WARN_BLOCK_CAPTURE_AUTORELEASING = YES;
				CLANG_WARN_BOOL_CONVERSION = YES;
				CLANG_WARN_COMMA = YES;
				CLANG_WARN_CONSTANT_CONVERSION = YES;
				CLANG_WARN_DEPRECATED_OBJC_IMPLEMENTATIONS = YES;
				CLANG_WARN_DIRECT_OBJC_ISA_USAGE = YES_ERROR;
				CLANG_WARN_DOCUMENTATION_COMMENTS = YES;
				CLANG_WARN_EMPTY_BODY = YES;
				CLANG_WARN_ENUM_CONVERSION = YES;
				CLANG_WARN_INFINITE_RECURSION = YES;
				CLANG_WARN_INT_CONVERSION = YES;
				CLANG_WARN_NON_LITERAL_NULL_CONVERSION = YES;
				CLANG_WARN_OBJC_IMPLICIT_RETAIN_SELF = YES;
				CLANG_WARN_OBJC_LITERAL_CONVERSION = YES;
				CLANG_WARN_OBJC_ROOT_CLASS = YES_ERROR;
				CLANG_WARN_RANGE_LOOP_ANALYSIS = YES;
				CLANG_WARN_STRICT_PROTOTYPES = YES;
				CLANG_WARN_SUSPICIOUS_MOVE = YES;
				CLANG_WARN_UNGUARDED_AVAILABILITY = YES_AGGRESSIVE;
				CLANG_WARN_UNREACHABLE_CODE = YES;
				CLANG_WARN__DUPLICATE_METHOD_MATCH = YES;
				COPY_PHASE_STRIP = NO;
				CURRENT_PROJECT_VERSION = 1;
				DEBUG_INFORMATION_FORMAT = "dwarf-with-dsym";
				ENABLE_NS_ASSERTIONS = NO;
				ENABLE_STRICT_OBJC_MSGSEND = YES;
				GCC_C_LANGUAGE_STANDARD = gnu11;
				GCC_NO_COMMON_BLOCKS = YES;
				GCC_WARN_64_TO_32_BIT_CONVERSION = YES;
				GCC_WARN_ABOUT_RETURN_TYPE = YES_ERROR;
				GCC_WARN_UNDECLARED_SELECTOR = YES;
				GCC_WARN_UNINITIALIZED_AUTOS = YES_AGGRESSIVE;
				GCC_WARN_UNUSED_FUNCTION = YES;
				GCC_WARN_UNUSED_VARIABLE = YES;
				IPHONEOS_DEPLOYMENT_TARGET = 9.0;
				MTL_ENABLE_DEBUG_INFO = NO;
				MTL_FAST_MATH = YES;
				SDKROOT = iphoneos;
				VALIDATE_PRODUCT = YES;
				VERSIONING_SYSTEM = "apple-generic";
				VERSION_INFO_PREFIX = "";
			};
			name = Release;
		};
		FB82D8F2244E997700001144 /* Debug */ = {
			isa = XCBuildConfiguration;
			baseConfigurationReference = 771712020F73E01AB510C052 /* Pods-QuysAdviceSDK.debug.xcconfig */;
			buildSettings = {
				CLANG_ALLOW_NON_MODULAR_INCLUDES_IN_FRAMEWORK_MODULES = NO;
				CLANG_ENABLE_MODULES = YES;
				CODE_SIGN_STYLE = Automatic;
				DEFINES_MODULE = YES;
				DEVELOPMENT_TEAM = 3LW46M37JG;
				DYLIB_COMPATIBILITY_VERSION = 1;
				DYLIB_CURRENT_VERSION = 1;
				DYLIB_INSTALL_NAME_BASE = "@rpath";
				ENABLE_BITCODE = NO;
				FRAMEWORK_SEARCH_PATHS = "$(inherited)";
				GCC_PRECOMPILE_PREFIX_HEADER = YES;
				GCC_PREFIX_HEADER = $SRCROOT/QuysAdviceSDK/QusPCHHeader.h;
				GCC_PREPROCESSOR_DEFINITIONS = (
					"$(inherited)",
					"COCOAPODS=1",
				);
				GENERATE_MASTER_OBJECT_FILE = NO;
				HEADER_SEARCH_PATHS = "$(inherited)";
				INFOPLIST_FILE = QuysAdviceSDK/Info.plist;
				INSTALL_PATH = "$(LOCAL_LIBRARY_DIR)/Frameworks";
				LD_RUNPATH_SEARCH_PATHS = (
					"$(inherited)",
					"@executable_path/Frameworks",
					"@loader_path/Frameworks",
				);
				LIBRARY_SEARCH_PATHS = (
					"$(inherited)",
					"$(PROJECT_DIR)/QuysAdviceSDK/libs/**",
					"$(PROJECT_DIR)/QuysAdviceSDK/libs/Quys",
				);
				LINK_WITH_STANDARD_LIBRARIES = YES;
				MACH_O_TYPE = staticlib;
				ONLY_ACTIVE_ARCH = YES;
				OTHER_LDFLAGS = "$(inherited)";
				PRELINK_LIBS = "";
				PRODUCT_BUNDLE_IDENTIFIER = com.quys.QuysAdviceSDK;
				PRODUCT_NAME = "$(TARGET_NAME:c99extidentifier)";
				SKIP_INSTALL = YES;
				TARGETED_DEVICE_FAMILY = "1,2";
			};
			name = Debug;
		};
		FB82D8F3244E997700001144 /* Release */ = {
			isa = XCBuildConfiguration;
			baseConfigurationReference = 6C9C7F605A00113671941CC4 /* Pods-QuysAdviceSDK.release.xcconfig */;
			buildSettings = {
				CLANG_ALLOW_NON_MODULAR_INCLUDES_IN_FRAMEWORK_MODULES = NO;
				CLANG_ENABLE_MODULES = YES;
				CODE_SIGN_STYLE = Automatic;
				DEFINES_MODULE = YES;
				DEVELOPMENT_TEAM = 3LW46M37JG;
				DYLIB_COMPATIBILITY_VERSION = 1;
				DYLIB_CURRENT_VERSION = 1;
				DYLIB_INSTALL_NAME_BASE = "@rpath";
				ENABLE_BITCODE = NO;
				FRAMEWORK_SEARCH_PATHS = "$(inherited)";
				GCC_OPTIMIZATION_LEVEL = 0;
				GCC_PRECOMPILE_PREFIX_HEADER = YES;
				GCC_PREFIX_HEADER = $SRCROOT/QuysAdviceSDK/QusPCHHeader.h;
				GCC_PREPROCESSOR_DEFINITIONS = (
					"$(inherited)",
					"COCOAPODS=1",
				);
				GENERATE_MASTER_OBJECT_FILE = NO;
				HEADER_SEARCH_PATHS = "$(inherited)";
				INFOPLIST_FILE = QuysAdviceSDK/Info.plist;
				INSTALL_PATH = "$(LOCAL_LIBRARY_DIR)/Frameworks";
				LD_RUNPATH_SEARCH_PATHS = (
					"$(inherited)",
					"@executable_path/Frameworks",
					"@loader_path/Frameworks",
				);
				LIBRARY_SEARCH_PATHS = (
					"$(inherited)",
					"$(PROJECT_DIR)/QuysAdviceSDK/libs/**",
					"$(PROJECT_DIR)/QuysAdviceSDK/libs/Quys",
				);
				LINK_WITH_STANDARD_LIBRARIES = YES;
				MACH_O_TYPE = staticlib;
				ONLY_ACTIVE_ARCH = NO;
				OTHER_LDFLAGS = "$(inherited)";
				PRELINK_LIBS = "";
				PRODUCT_BUNDLE_IDENTIFIER = com.quys.QuysAdviceSDK;
				PRODUCT_NAME = "$(TARGET_NAME:c99extidentifier)";
				SKIP_INSTALL = YES;
				TARGETED_DEVICE_FAMILY = "1,2";
			};
			name = Release;
		};
		FBF1A250244EC2A40091400E /* Debug */ = {
			isa = XCBuildConfiguration;
			baseConfigurationReference = 7F02B9AE308F6C2D4F34E262 /* Pods-QuysAdviceSDK-QuysAdviceSDKTests-QuysAdvice.debug.xcconfig */;
			buildSettings = {
				ASSETCATALOG_COMPILER_APPICON_NAME = AppIcon;
				CLANG_ALLOW_NON_MODULAR_INCLUDES_IN_FRAMEWORK_MODULES = NO;
				CODE_SIGN_STYLE = Automatic;
				DEVELOPMENT_TEAM = 3LW46M37JG;
				ENABLE_BITCODE = NO;
				FRAMEWORK_SEARCH_PATHS = "$(inherited)";
				GCC_PREPROCESSOR_DEFINITIONS = (
					"$(inherited)",
					"COCOAPODS=1",
				);
				GENERATE_MASTER_OBJECT_FILE = NO;
				HEADER_SEARCH_PATHS = (
					"\"${PODS_ROOT}/Headers/Public\"",
					"\"${PODS_ROOT}/Headers/Public/AFNetworking\"",
					"\"${PODS_ROOT}/Headers/Public/Masonry\"",
					"\"${PODS_ROOT}/Headers/Public/Reachability\"",
					"\"${PODS_ROOT}/Headers/Public/SDWebImage\"",
					"\"${PODS_ROOT}/Headers/Public/YTKNetwork\"",
					"\"${PODS_ROOT}/Headers/Public/YYModel\"",
					"$(inherited)",
				);
				INFOPLIST_FILE = QuysAdvice/Info.plist;
				IPHONEOS_DEPLOYMENT_TARGET = 9.0;
				LD_RUNPATH_SEARCH_PATHS = (
					"$(inherited)",
					"@executable_path/Frameworks",
				);
				ONLY_ACTIVE_ARCH = YES;
				OTHER_LDFLAGS = (
					"$(inherited)",
					"-ObjC",
				);
				PRELINK_LIBS = "";
				PRODUCT_BUNDLE_IDENTIFIER = com.quys.QuysAdvice;
				PRODUCT_NAME = "趣";
				TARGETED_DEVICE_FAMILY = "1,2";
			};
			name = Debug;
		};
		FBF1A251244EC2A40091400E /* Release */ = {
			isa = XCBuildConfiguration;
			baseConfigurationReference = 59A7C0302B70EF474893541C /* Pods-QuysAdviceSDK-QuysAdviceSDKTests-QuysAdvice.release.xcconfig */;
			buildSettings = {
				ASSETCATALOG_COMPILER_APPICON_NAME = AppIcon;
				CLANG_ALLOW_NON_MODULAR_INCLUDES_IN_FRAMEWORK_MODULES = NO;
				CODE_SIGN_STYLE = Automatic;
				DEVELOPMENT_TEAM = 3LW46M37JG;
				ENABLE_BITCODE = NO;
				FRAMEWORK_SEARCH_PATHS = "$(inherited)";
				GCC_OPTIMIZATION_LEVEL = 0;
				GCC_PREPROCESSOR_DEFINITIONS = (
					"$(inherited)",
					"COCOAPODS=1",
				);
				GENERATE_MASTER_OBJECT_FILE = NO;
				HEADER_SEARCH_PATHS = (
					"\"${PODS_ROOT}/Headers/Public\"",
					"\"${PODS_ROOT}/Headers/Public/AFNetworking\"",
					"\"${PODS_ROOT}/Headers/Public/Masonry\"",
					"\"${PODS_ROOT}/Headers/Public/Reachability\"",
					"\"${PODS_ROOT}/Headers/Public/SDWebImage\"",
					"\"${PODS_ROOT}/Headers/Public/YTKNetwork\"",
					"\"${PODS_ROOT}/Headers/Public/YYModel\"",
					"$(inherited)",
				);
				INFOPLIST_FILE = QuysAdvice/Info.plist;
				IPHONEOS_DEPLOYMENT_TARGET = 9.0;
				LD_RUNPATH_SEARCH_PATHS = (
					"$(inherited)",
					"@executable_path/Frameworks",
				);
				ONLY_ACTIVE_ARCH = NO;
				OTHER_LDFLAGS = (
					"$(inherited)",
					"-ObjC",
				);
				PRELINK_LIBS = "";
				PRODUCT_BUNDLE_IDENTIFIER = com.quys.QuysAdvice;
				PRODUCT_NAME = "趣";
				TARGETED_DEVICE_FAMILY = "1,2";
			};
			name = Release;
		};
		FBF1A25E244EC2E40091400E /* Debug */ = {
			isa = XCBuildConfiguration;
			baseConfigurationReference = 30A43E16822771BE34990956 /* Pods-QuysAdviceSDK-QuysAdviceSDKTests.debug.xcconfig */;
			buildSettings = {
				CODE_SIGN_STYLE = Automatic;
				DEVELOPMENT_TEAM = 3LW46M37JG;
				INFOPLIST_FILE = QuysAdviceSDKTests/Info.plist;
				IPHONEOS_DEPLOYMENT_TARGET = 13.2;
				LD_RUNPATH_SEARCH_PATHS = (
					"$(inherited)",
					"@executable_path/Frameworks",
					"@loader_path/Frameworks",
				);
				ONLY_ACTIVE_ARCH = NO;
				OTHER_LDFLAGS = (
					"$(inherited)",
					"-ObjC",
				);
				PRODUCT_BUNDLE_IDENTIFIER = com.quys.QuysAdviceSDKTests;
				PRODUCT_NAME = "$(TARGET_NAME)";
				TARGETED_DEVICE_FAMILY = "1,2";
				TEST_TARGET_NAME = QuysAdvice;
			};
			name = Debug;
		};
		FBF1A25F244EC2E40091400E /* Release */ = {
			isa = XCBuildConfiguration;
			baseConfigurationReference = 0EB7A3F5CE340B024BDEA655 /* Pods-QuysAdviceSDK-QuysAdviceSDKTests.release.xcconfig */;
			buildSettings = {
				CODE_SIGN_STYLE = Automatic;
				DEVELOPMENT_TEAM = 3LW46M37JG;
				INFOPLIST_FILE = QuysAdviceSDKTests/Info.plist;
				IPHONEOS_DEPLOYMENT_TARGET = 13.2;
				LD_RUNPATH_SEARCH_PATHS = (
					"$(inherited)",
					"@executable_path/Frameworks",
					"@loader_path/Frameworks",
				);
				ONLY_ACTIVE_ARCH = NO;
				OTHER_LDFLAGS = (
					"$(inherited)",
					"-ObjC",
				);
				PRODUCT_BUNDLE_IDENTIFIER = com.quys.QuysAdviceSDKTests;
				PRODUCT_NAME = "$(TARGET_NAME)";
				TARGETED_DEVICE_FAMILY = "1,2";
				TEST_TARGET_NAME = QuysAdvice;
			};
			name = Release;
		};
/* End XCBuildConfiguration section */

/* Begin XCConfigurationList section */
		FB82D8E3244E997700001144 /* Build configuration list for PBXProject "QuysAdviceSDK" */ = {
			isa = XCConfigurationList;
			buildConfigurations = (
				FB82D8EF244E997700001144 /* Debug */,
				FB82D8F0244E997700001144 /* Release */,
			);
			defaultConfigurationIsVisible = 0;
			defaultConfigurationName = Release;
		};
		FB82D8F1244E997700001144 /* Build configuration list for PBXNativeTarget "QuysAdviceSDK" */ = {
			isa = XCConfigurationList;
			buildConfigurations = (
				FB82D8F2244E997700001144 /* Debug */,
				FB82D8F3244E997700001144 /* Release */,
			);
			defaultConfigurationIsVisible = 0;
			defaultConfigurationName = Release;
		};
		FBF1A252244EC2A40091400E /* Build configuration list for PBXNativeTarget "QuysAdvice" */ = {
			isa = XCConfigurationList;
			buildConfigurations = (
				FBF1A250244EC2A40091400E /* Debug */,
				FBF1A251244EC2A40091400E /* Release */,
			);
			defaultConfigurationIsVisible = 0;
			defaultConfigurationName = Release;
		};
		FBF1A260244EC2E40091400E /* Build configuration list for PBXNativeTarget "QuysAdviceSDKTests" */ = {
			isa = XCConfigurationList;
			buildConfigurations = (
				FBF1A25E244EC2E40091400E /* Debug */,
				FBF1A25F244EC2E40091400E /* Release */,
			);
			defaultConfigurationIsVisible = 0;
			defaultConfigurationName = Release;
		};
/* End XCConfigurationList section */
	};
	rootObject = FB82D8E0244E997700001144 /* Project object */;
}
